// !$*UTF8*$!
{
	archiveVersion = 1;
	classes = {
	};
	objectVersion = 52;
	objects = {

/* Begin PBXBuildFile section */
		080EDEFB21B6DA7E00813479 /* EssentialFeed.framework in Frameworks */ = {isa = PBXBuildFile; fileRef = 080EDEF121B6DA7E00813479 /* EssentialFeed.framework */; };
		080EDF0C21B6DAE800813479 /* FeedImage.swift in Sources */ = {isa = PBXBuildFile; fileRef = 080EDF0B21B6DAE800813479 /* FeedImage.swift */; };
		080EDF0E21B6DCB600813479 /* FeedLoader.swift in Sources */ = {isa = PBXBuildFile; fileRef = 080EDF0D21B6DCB600813479 /* FeedLoader.swift */; };
		08B42EA421C3F09A00DDA349 /* RemoteFeedLoader.swift in Sources */ = {isa = PBXBuildFile; fileRef = 08B42EA321C3F09A00DDA349 /* RemoteFeedLoader.swift */; };
		08DDC13A21BEA99E00F490ED /* LoadFeedFromRemoteUseCaseTests.swift in Sources */ = {isa = PBXBuildFile; fileRef = 08DDC13921BEA99E00F490ED /* LoadFeedFromRemoteUseCaseTests.swift */; };
		75308A0F297711260089A534 /* FeedViewController.swift in Sources */ = {isa = PBXBuildFile; fileRef = 75308A0E297711260089A534 /* FeedViewController.swift */; };
		75308A1129773BC40089A534 /* FeedImageCell.swift in Sources */ = {isa = PBXBuildFile; fileRef = 75308A1029773BC40089A534 /* FeedImageCell.swift */; };
		75308A122977434E0089A534 /* SharedTestHelpers.swift in Sources */ = {isa = PBXBuildFile; fileRef = 75BB84302954F6D1001AAF78 /* SharedTestHelpers.swift */; };
		75308A14297753050089A534 /* UIView+Shimmering.swift in Sources */ = {isa = PBXBuildFile; fileRef = 75308A13297753050089A534 /* UIView+Shimmering.swift */; };
		753A28B0296F14A0003D27EE /* XCTestCase+Extensions.swift in Sources */ = {isa = PBXBuildFile; fileRef = 75D83942294CAD9F00B7F6E6 /* XCTestCase+Extensions.swift */; };
		753A28B1296F15AF003D27EE /* FeedCacheTestHelpers.swift in Sources */ = {isa = PBXBuildFile; fileRef = 75BB842E2954F660001AAF78 /* FeedCacheTestHelpers.swift */; };
		753A28B2296F167A003D27EE /* SharedTestHelpers.swift in Sources */ = {isa = PBXBuildFile; fileRef = 75BB84302954F6D1001AAF78 /* SharedTestHelpers.swift */; };
		753FF22C297D5F1E00D52B03 /* FeedImageDataLoader.swift in Sources */ = {isa = PBXBuildFile; fileRef = 753FF22B297D5F1E00D52B03 /* FeedImageDataLoader.swift */; };
		753FF233297D764100D52B03 /* FeedImageCellController.swift in Sources */ = {isa = PBXBuildFile; fileRef = 753FF232297D764100D52B03 /* FeedImageCellController.swift */; };
		753FF236297D797300D52B03 /* FeedUIComposer.swift in Sources */ = {isa = PBXBuildFile; fileRef = 753FF235297D797300D52B03 /* FeedUIComposer.swift */; };
		7547F03429698309006C46F5 /* CodableFeedStoreTests.swift in Sources */ = {isa = PBXBuildFile; fileRef = 7547F03329698309006C46F5 /* CodableFeedStoreTests.swift */; };
		7547F0362969B925006C46F5 /* CodableFeedStore.swift in Sources */ = {isa = PBXBuildFile; fileRef = 7547F0352969B925006C46F5 /* CodableFeedStore.swift */; };
		7547F038296AF8B8006C46F5 /* FeedStoreSpecs.swift in Sources */ = {isa = PBXBuildFile; fileRef = 7547F037296AF8B8006C46F5 /* FeedStoreSpecs.swift */; };
		7547F03A296AF958006C46F5 /* XCTestCase+FeedStoreSpecs.swift in Sources */ = {isa = PBXBuildFile; fileRef = 7547F039296AF958006C46F5 /* XCTestCase+FeedStoreSpecs.swift */; };
		7547F042296B0CDF006C46F5 /* EssentialFeedCacheIntegrationTests.swift in Sources */ = {isa = PBXBuildFile; fileRef = 7547F041296B0CDF006C46F5 /* EssentialFeedCacheIntegrationTests.swift */; };
		7547F043296B0CDF006C46F5 /* EssentialFeed.framework in Frameworks */ = {isa = PBXBuildFile; fileRef = 080EDEF121B6DA7E00813479 /* EssentialFeed.framework */; };
		7547F04A296B0EE2006C46F5 /* CoreDataFeedStoreTests.swift in Sources */ = {isa = PBXBuildFile; fileRef = 7547F049296B0EE2006C46F5 /* CoreDataFeedStoreTests.swift */; };
		7547F04C296B0FC2006C46F5 /* CoreDataFeedStore.swift in Sources */ = {isa = PBXBuildFile; fileRef = 7547F04B296B0FC2006C46F5 /* CoreDataFeedStore.swift */; };
		7547F05A296B40BE006C46F5 /* FeedStore.xcdatamodeld in Sources */ = {isa = PBXBuildFile; fileRef = 7547F058296B40BE006C46F5 /* FeedStore.xcdatamodeld */; };
		7547F05E296B694E006C46F5 /* CoreDataHelpers.swift in Sources */ = {isa = PBXBuildFile; fileRef = 7547F05D296B694E006C46F5 /* CoreDataHelpers.swift */; };
		7547F060296B699F006C46F5 /* ManagedCache.swift in Sources */ = {isa = PBXBuildFile; fileRef = 7547F05F296B699F006C46F5 /* ManagedCache.swift */; };
		7547F062296B69AA006C46F5 /* ManagedFeedImage.swift in Sources */ = {isa = PBXBuildFile; fileRef = 7547F061296B69AA006C46F5 /* ManagedFeedImage.swift */; };
		75737C6A29731A5200C04ECD /* EssentialFeediOS.framework in Frameworks */ = {isa = PBXBuildFile; fileRef = 75737C6229731A5200C04ECD /* EssentialFeediOS.framework */; };
		75753878297339E20037E55A /* FeedViewControllerTests.swift in Sources */ = {isa = PBXBuildFile; fileRef = 75753877297339E20037E55A /* FeedViewControllerTests.swift */; };
		7575387A29733B950037E55A /* EssentialFeed.framework in Frameworks */ = {isa = PBXBuildFile; fileRef = 080EDEF121B6DA7E00813479 /* EssentialFeed.framework */; platformFilter = ios; };
		7575387B29733B950037E55A /* EssentialFeed.framework in Embed Frameworks */ = {isa = PBXBuildFile; fileRef = 080EDEF121B6DA7E00813479 /* EssentialFeed.framework */; platformFilter = ios; settings = {ATTRIBUTES = (CodeSignOnCopy, RemoveHeadersOnCopy, ); }; };
		7575388129733CAB0037E55A /* XCTestCase+Extensions.swift in Sources */ = {isa = PBXBuildFile; fileRef = 75D83942294CAD9F00B7F6E6 /* XCTestCase+Extensions.swift */; };
		7575A01B29866BC800F65ABD /* FeedPresenter.swift in Sources */ = {isa = PBXBuildFile; fileRef = 7575A01A29866BC800F65ABD /* FeedPresenter.swift */; };
		7575A01D29867DC000F65ABD /* FeedImagePresenter.swift in Sources */ = {isa = PBXBuildFile; fileRef = 7575A01C29867DC000F65ABD /* FeedImagePresenter.swift */; };
		7575A01F29867F2D00F65ABD /* FeedImageViewModel.swift in Sources */ = {isa = PBXBuildFile; fileRef = 7575A01E29867F2D00F65ABD /* FeedImageViewModel.swift */; };
		7575A02129867F7B00F65ABD /* FeedLoadingViewModel.swift in Sources */ = {isa = PBXBuildFile; fileRef = 7575A02029867F7B00F65ABD /* FeedLoadingViewModel.swift */; };
		7575A02329867F8C00F65ABD /* FeedViewModel.swift in Sources */ = {isa = PBXBuildFile; fileRef = 7575A02229867F8C00F65ABD /* FeedViewModel.swift */; };
		7575A0252986900E00F65ABD /* Feed.storyboard in Resources */ = {isa = PBXBuildFile; fileRef = 7575A0242986900E00F65ABD /* Feed.storyboard */; };
		7575A027298690DE00F65ABD /* Feed.xcassets in Resources */ = {isa = PBXBuildFile; fileRef = 7575A026298690DE00F65ABD /* Feed.xcassets */; };
		7575A02B29869E8300F65ABD /* UITableView+Dequeueing.swift in Sources */ = {isa = PBXBuildFile; fileRef = 7575A02A29869E8300F65ABD /* UITableView+Dequeueing.swift */; };
		75BB841D2950DF5B001AAF78 /* CacheFeedUseCaseTests.swift in Sources */ = {isa = PBXBuildFile; fileRef = 75BB841C2950DF5B001AAF78 /* CacheFeedUseCaseTests.swift */; };
		75BB8420295243D5001AAF78 /* LocalFeedLoader.swift in Sources */ = {isa = PBXBuildFile; fileRef = 75BB841F295243D5001AAF78 /* LocalFeedLoader.swift */; };
		75BB842229524432001AAF78 /* FeedStore.swift in Sources */ = {isa = PBXBuildFile; fileRef = 75BB842129524432001AAF78 /* FeedStore.swift */; };
		75BB842429524E9F001AAF78 /* RemoteFeedItem.swift in Sources */ = {isa = PBXBuildFile; fileRef = 75BB842329524E9F001AAF78 /* RemoteFeedItem.swift */; };
		75BB842629524ED2001AAF78 /* LocalFeedImage.swift in Sources */ = {isa = PBXBuildFile; fileRef = 75BB842529524ED2001AAF78 /* LocalFeedImage.swift */; };
		75BB8428295255DC001AAF78 /* LoadFeedFromCacheUseCaseTests.swift in Sources */ = {isa = PBXBuildFile; fileRef = 75BB8427295255DC001AAF78 /* LoadFeedFromCacheUseCaseTests.swift */; };
		75BB842B295257A0001AAF78 /* FeedStoreSpy.swift in Sources */ = {isa = PBXBuildFile; fileRef = 75BB842A295257A0001AAF78 /* FeedStoreSpy.swift */; };
		75BB842D2954F330001AAF78 /* ValidateFeedCacheUseCaseTests.swift in Sources */ = {isa = PBXBuildFile; fileRef = 75BB842C2954F330001AAF78 /* ValidateFeedCacheUseCaseTests.swift */; };
		75BB842F2954F660001AAF78 /* FeedCacheTestHelpers.swift in Sources */ = {isa = PBXBuildFile; fileRef = 75BB842E2954F660001AAF78 /* FeedCacheTestHelpers.swift */; };
		75BB84312954F6D1001AAF78 /* SharedTestHelpers.swift in Sources */ = {isa = PBXBuildFile; fileRef = 75BB84302954F6D1001AAF78 /* SharedTestHelpers.swift */; };
		75BB843329550742001AAF78 /* FeedCachePolicy.swift in Sources */ = {isa = PBXBuildFile; fileRef = 75BB843229550742001AAF78 /* FeedCachePolicy.swift */; };
		75D8393B294A668000B7F6E6 /* HTTPClient.swift in Sources */ = {isa = PBXBuildFile; fileRef = 75D8393A294A668000B7F6E6 /* HTTPClient.swift */; };
		75D8393D294A66A600B7F6E6 /* FeedItemsMapper.swift in Sources */ = {isa = PBXBuildFile; fileRef = 75D8393C294A66A600B7F6E6 /* FeedItemsMapper.swift */; };
		75D83940294A7F3500B7F6E6 /* URLSessionHTTPClientTests.swift in Sources */ = {isa = PBXBuildFile; fileRef = 75D8393F294A7F3500B7F6E6 /* URLSessionHTTPClientTests.swift */; };
		75D83943294CAD9F00B7F6E6 /* XCTestCase+Extensions.swift in Sources */ = {isa = PBXBuildFile; fileRef = 75D83942294CAD9F00B7F6E6 /* XCTestCase+Extensions.swift */; };
		75D83945294CCE9900B7F6E6 /* URLSessionHTTPClient.swift in Sources */ = {isa = PBXBuildFile; fileRef = 75D83944294CCE9900B7F6E6 /* URLSessionHTTPClient.swift */; };
		75D83976294CDD9E00B7F6E6 /* EssentialFeedAPIEndToEndTests.swift in Sources */ = {isa = PBXBuildFile; fileRef = 75D83975294CDD9E00B7F6E6 /* EssentialFeedAPIEndToEndTests.swift */; };
		75D83977294CDD9E00B7F6E6 /* EssentialFeed.framework in Frameworks */ = {isa = PBXBuildFile; fileRef = 080EDEF121B6DA7E00813479 /* EssentialFeed.framework */; };
		75D8397E294CDE4800B7F6E6 /* XCTestCase+Extensions.swift in Sources */ = {isa = PBXBuildFile; fileRef = 75D83942294CAD9F00B7F6E6 /* XCTestCase+Extensions.swift */; };
/* End PBXBuildFile section */

/* Begin PBXContainerItemProxy section */
		080EDEFC21B6DA7E00813479 /* PBXContainerItemProxy */ = {
			isa = PBXContainerItemProxy;
			containerPortal = 080EDEE821B6DA7E00813479 /* Project object */;
			proxyType = 1;
			remoteGlobalIDString = 080EDEF021B6DA7E00813479;
			remoteInfo = EssentialFeed;
		};
		7547F044296B0CDF006C46F5 /* PBXContainerItemProxy */ = {
			isa = PBXContainerItemProxy;
			containerPortal = 080EDEE821B6DA7E00813479 /* Project object */;
			proxyType = 1;
			remoteGlobalIDString = 080EDEF021B6DA7E00813479;
			remoteInfo = EssentialFeed;
		};
		75737C6B29731A5200C04ECD /* PBXContainerItemProxy */ = {
			isa = PBXContainerItemProxy;
			containerPortal = 080EDEE821B6DA7E00813479 /* Project object */;
			proxyType = 1;
			remoteGlobalIDString = 75737C6129731A5200C04ECD;
			remoteInfo = EssentialFeediOS;
		};
		7575387C29733B950037E55A /* PBXContainerItemProxy */ = {
			isa = PBXContainerItemProxy;
			containerPortal = 080EDEE821B6DA7E00813479 /* Project object */;
			proxyType = 1;
			remoteGlobalIDString = 080EDEF021B6DA7E00813479;
			remoteInfo = EssentialFeed;
		};
		75D83978294CDD9E00B7F6E6 /* PBXContainerItemProxy */ = {
			isa = PBXContainerItemProxy;
			containerPortal = 080EDEE821B6DA7E00813479 /* Project object */;
			proxyType = 1;
			remoteGlobalIDString = 080EDEF021B6DA7E00813479;
			remoteInfo = EssentialFeed;
		};
/* End PBXContainerItemProxy section */

/* Begin PBXCopyFilesBuildPhase section */
		7575387E29733B960037E55A /* Embed Frameworks */ = {
			isa = PBXCopyFilesBuildPhase;
			buildActionMask = 2147483647;
			dstPath = "";
			dstSubfolderSpec = 10;
			files = (
				7575387B29733B950037E55A /* EssentialFeed.framework in Embed Frameworks */,
			);
			name = "Embed Frameworks";
			runOnlyForDeploymentPostprocessing = 0;
		};
/* End PBXCopyFilesBuildPhase section */

/* Begin PBXFileReference section */
		080EDEF121B6DA7E00813479 /* EssentialFeed.framework */ = {isa = PBXFileReference; explicitFileType = wrapper.framework; includeInIndex = 0; path = EssentialFeed.framework; sourceTree = BUILT_PRODUCTS_DIR; };
		080EDEF521B6DA7E00813479 /* Info.plist */ = {isa = PBXFileReference; lastKnownFileType = text.plist.xml; path = Info.plist; sourceTree = "<group>"; };
		080EDEFA21B6DA7E00813479 /* EssentialFeedTests.xctest */ = {isa = PBXFileReference; explicitFileType = wrapper.cfbundle; includeInIndex = 0; path = EssentialFeedTests.xctest; sourceTree = BUILT_PRODUCTS_DIR; };
		080EDF0121B6DA7E00813479 /* Info.plist */ = {isa = PBXFileReference; lastKnownFileType = text.plist.xml; path = Info.plist; sourceTree = "<group>"; };
		080EDF0B21B6DAE800813479 /* FeedImage.swift */ = {isa = PBXFileReference; lastKnownFileType = sourcecode.swift; path = FeedImage.swift; sourceTree = "<group>"; };
		080EDF0D21B6DCB600813479 /* FeedLoader.swift */ = {isa = PBXFileReference; lastKnownFileType = sourcecode.swift; path = FeedLoader.swift; sourceTree = "<group>"; };
		08B42EA321C3F09A00DDA349 /* RemoteFeedLoader.swift */ = {isa = PBXFileReference; lastKnownFileType = sourcecode.swift; path = RemoteFeedLoader.swift; sourceTree = "<group>"; };
		08DDC13921BEA99E00F490ED /* LoadFeedFromRemoteUseCaseTests.swift */ = {isa = PBXFileReference; lastKnownFileType = sourcecode.swift; path = LoadFeedFromRemoteUseCaseTests.swift; sourceTree = "<group>"; };
		75308A0E297711260089A534 /* FeedViewController.swift */ = {isa = PBXFileReference; lastKnownFileType = sourcecode.swift; path = FeedViewController.swift; sourceTree = "<group>"; };
		75308A1029773BC40089A534 /* FeedImageCell.swift */ = {isa = PBXFileReference; lastKnownFileType = sourcecode.swift; path = FeedImageCell.swift; sourceTree = "<group>"; };
		75308A13297753050089A534 /* UIView+Shimmering.swift */ = {isa = PBXFileReference; lastKnownFileType = sourcecode.swift; path = "UIView+Shimmering.swift"; sourceTree = "<group>"; };
		753FF22B297D5F1E00D52B03 /* FeedImageDataLoader.swift */ = {isa = PBXFileReference; lastKnownFileType = sourcecode.swift; path = FeedImageDataLoader.swift; sourceTree = "<group>"; };
		753FF232297D764100D52B03 /* FeedImageCellController.swift */ = {isa = PBXFileReference; lastKnownFileType = sourcecode.swift; path = FeedImageCellController.swift; sourceTree = "<group>"; };
		753FF235297D797300D52B03 /* FeedUIComposer.swift */ = {isa = PBXFileReference; lastKnownFileType = sourcecode.swift; path = FeedUIComposer.swift; sourceTree = "<group>"; wrapsLines = 1; };
		7547F03329698309006C46F5 /* CodableFeedStoreTests.swift */ = {isa = PBXFileReference; lastKnownFileType = sourcecode.swift; path = CodableFeedStoreTests.swift; sourceTree = "<group>"; };
		7547F0352969B925006C46F5 /* CodableFeedStore.swift */ = {isa = PBXFileReference; lastKnownFileType = sourcecode.swift; path = CodableFeedStore.swift; sourceTree = "<group>"; };
		7547F037296AF8B8006C46F5 /* FeedStoreSpecs.swift */ = {isa = PBXFileReference; lastKnownFileType = sourcecode.swift; path = FeedStoreSpecs.swift; sourceTree = "<group>"; };
		7547F039296AF958006C46F5 /* XCTestCase+FeedStoreSpecs.swift */ = {isa = PBXFileReference; lastKnownFileType = sourcecode.swift; path = "XCTestCase+FeedStoreSpecs.swift"; sourceTree = "<group>"; };
		7547F03F296B0CDF006C46F5 /* EssentialFeedCacheIntegrationTests.xctest */ = {isa = PBXFileReference; explicitFileType = wrapper.cfbundle; includeInIndex = 0; path = EssentialFeedCacheIntegrationTests.xctest; sourceTree = BUILT_PRODUCTS_DIR; };
		7547F041296B0CDF006C46F5 /* EssentialFeedCacheIntegrationTests.swift */ = {isa = PBXFileReference; lastKnownFileType = sourcecode.swift; path = EssentialFeedCacheIntegrationTests.swift; sourceTree = "<group>"; };
		7547F049296B0EE2006C46F5 /* CoreDataFeedStoreTests.swift */ = {isa = PBXFileReference; lastKnownFileType = sourcecode.swift; path = CoreDataFeedStoreTests.swift; sourceTree = "<group>"; };
		7547F04B296B0FC2006C46F5 /* CoreDataFeedStore.swift */ = {isa = PBXFileReference; lastKnownFileType = sourcecode.swift; path = CoreDataFeedStore.swift; sourceTree = "<group>"; };
		7547F059296B40BE006C46F5 /* CoreDataFeedStore.xcdatamodel */ = {isa = PBXFileReference; lastKnownFileType = wrapper.xcdatamodel; path = CoreDataFeedStore.xcdatamodel; sourceTree = "<group>"; };
		7547F05D296B694E006C46F5 /* CoreDataHelpers.swift */ = {isa = PBXFileReference; lastKnownFileType = sourcecode.swift; path = CoreDataHelpers.swift; sourceTree = "<group>"; };
		7547F05F296B699F006C46F5 /* ManagedCache.swift */ = {isa = PBXFileReference; lastKnownFileType = sourcecode.swift; path = ManagedCache.swift; sourceTree = "<group>"; };
		7547F061296B69AA006C46F5 /* ManagedFeedImage.swift */ = {isa = PBXFileReference; lastKnownFileType = sourcecode.swift; path = ManagedFeedImage.swift; sourceTree = "<group>"; };
		75737C6229731A5200C04ECD /* EssentialFeediOS.framework */ = {isa = PBXFileReference; explicitFileType = wrapper.framework; includeInIndex = 0; path = EssentialFeediOS.framework; sourceTree = BUILT_PRODUCTS_DIR; };
		75737C6929731A5200C04ECD /* EssentialFeediOSTests.xctest */ = {isa = PBXFileReference; explicitFileType = wrapper.cfbundle; includeInIndex = 0; path = EssentialFeediOSTests.xctest; sourceTree = BUILT_PRODUCTS_DIR; };
		75753877297339E20037E55A /* FeedViewControllerTests.swift */ = {isa = PBXFileReference; lastKnownFileType = sourcecode.swift; path = FeedViewControllerTests.swift; sourceTree = "<group>"; };
		7575A01A29866BC800F65ABD /* FeedPresenter.swift */ = {isa = PBXFileReference; lastKnownFileType = sourcecode.swift; path = FeedPresenter.swift; sourceTree = "<group>"; };
		7575A01C29867DC000F65ABD /* FeedImagePresenter.swift */ = {isa = PBXFileReference; lastKnownFileType = sourcecode.swift; path = FeedImagePresenter.swift; sourceTree = "<group>"; };
		7575A01E29867F2D00F65ABD /* FeedImageViewModel.swift */ = {isa = PBXFileReference; lastKnownFileType = sourcecode.swift; path = FeedImageViewModel.swift; sourceTree = "<group>"; };
		7575A02029867F7B00F65ABD /* FeedLoadingViewModel.swift */ = {isa = PBXFileReference; lastKnownFileType = sourcecode.swift; path = FeedLoadingViewModel.swift; sourceTree = "<group>"; };
		7575A02229867F8C00F65ABD /* FeedViewModel.swift */ = {isa = PBXFileReference; lastKnownFileType = sourcecode.swift; path = FeedViewModel.swift; sourceTree = "<group>"; };
		7575A0242986900E00F65ABD /* Feed.storyboard */ = {isa = PBXFileReference; lastKnownFileType = file.storyboard; path = Feed.storyboard; sourceTree = "<group>"; };
		7575A026298690DE00F65ABD /* Feed.xcassets */ = {isa = PBXFileReference; lastKnownFileType = folder.assetcatalog; path = Feed.xcassets; sourceTree = "<group>"; };
		7575A02A29869E8300F65ABD /* UITableView+Dequeueing.swift */ = {isa = PBXFileReference; lastKnownFileType = sourcecode.swift; path = "UITableView+Dequeueing.swift"; sourceTree = "<group>"; };
		75BB841C2950DF5B001AAF78 /* CacheFeedUseCaseTests.swift */ = {isa = PBXFileReference; lastKnownFileType = sourcecode.swift; path = CacheFeedUseCaseTests.swift; sourceTree = "<group>"; };
		75BB841F295243D5001AAF78 /* LocalFeedLoader.swift */ = {isa = PBXFileReference; lastKnownFileType = sourcecode.swift; path = LocalFeedLoader.swift; sourceTree = "<group>"; };
		75BB842129524432001AAF78 /* FeedStore.swift */ = {isa = PBXFileReference; lastKnownFileType = sourcecode.swift; path = FeedStore.swift; sourceTree = "<group>"; };
		75BB842329524E9F001AAF78 /* RemoteFeedItem.swift */ = {isa = PBXFileReference; lastKnownFileType = sourcecode.swift; path = RemoteFeedItem.swift; sourceTree = "<group>"; };
		75BB842529524ED2001AAF78 /* LocalFeedImage.swift */ = {isa = PBXFileReference; lastKnownFileType = sourcecode.swift; path = LocalFeedImage.swift; sourceTree = "<group>"; };
		75BB8427295255DC001AAF78 /* LoadFeedFromCacheUseCaseTests.swift */ = {isa = PBXFileReference; lastKnownFileType = sourcecode.swift; path = LoadFeedFromCacheUseCaseTests.swift; sourceTree = "<group>"; };
		75BB842A295257A0001AAF78 /* FeedStoreSpy.swift */ = {isa = PBXFileReference; lastKnownFileType = sourcecode.swift; path = FeedStoreSpy.swift; sourceTree = "<group>"; };
		75BB842C2954F330001AAF78 /* ValidateFeedCacheUseCaseTests.swift */ = {isa = PBXFileReference; lastKnownFileType = sourcecode.swift; path = ValidateFeedCacheUseCaseTests.swift; sourceTree = "<group>"; };
		75BB842E2954F660001AAF78 /* FeedCacheTestHelpers.swift */ = {isa = PBXFileReference; lastKnownFileType = sourcecode.swift; path = FeedCacheTestHelpers.swift; sourceTree = "<group>"; };
		75BB84302954F6D1001AAF78 /* SharedTestHelpers.swift */ = {isa = PBXFileReference; lastKnownFileType = sourcecode.swift; path = SharedTestHelpers.swift; sourceTree = "<group>"; };
		75BB843229550742001AAF78 /* FeedCachePolicy.swift */ = {isa = PBXFileReference; lastKnownFileType = sourcecode.swift; path = FeedCachePolicy.swift; sourceTree = "<group>"; };
		75D8393A294A668000B7F6E6 /* HTTPClient.swift */ = {isa = PBXFileReference; lastKnownFileType = sourcecode.swift; path = HTTPClient.swift; sourceTree = "<group>"; };
		75D8393C294A66A600B7F6E6 /* FeedItemsMapper.swift */ = {isa = PBXFileReference; lastKnownFileType = sourcecode.swift; path = FeedItemsMapper.swift; sourceTree = "<group>"; };
		75D8393F294A7F3500B7F6E6 /* URLSessionHTTPClientTests.swift */ = {isa = PBXFileReference; lastKnownFileType = sourcecode.swift; path = URLSessionHTTPClientTests.swift; sourceTree = "<group>"; };
		75D83942294CAD9F00B7F6E6 /* XCTestCase+Extensions.swift */ = {isa = PBXFileReference; lastKnownFileType = sourcecode.swift; path = "XCTestCase+Extensions.swift"; sourceTree = "<group>"; };
		75D83944294CCE9900B7F6E6 /* URLSessionHTTPClient.swift */ = {isa = PBXFileReference; lastKnownFileType = sourcecode.swift; path = URLSessionHTTPClient.swift; sourceTree = "<group>"; };
		75D83973294CDD9E00B7F6E6 /* EssentialFeedAPIEndToEndTests.xctest */ = {isa = PBXFileReference; explicitFileType = wrapper.cfbundle; includeInIndex = 0; path = EssentialFeedAPIEndToEndTests.xctest; sourceTree = BUILT_PRODUCTS_DIR; };
		75D83975294CDD9E00B7F6E6 /* EssentialFeedAPIEndToEndTests.swift */ = {isa = PBXFileReference; lastKnownFileType = sourcecode.swift; path = EssentialFeedAPIEndToEndTests.swift; sourceTree = "<group>"; };
/* End PBXFileReference section */

/* Begin PBXFrameworksBuildPhase section */
		080EDEEE21B6DA7E00813479 /* Frameworks */ = {
			isa = PBXFrameworksBuildPhase;
			buildActionMask = 2147483647;
			files = (
			);
			runOnlyForDeploymentPostprocessing = 0;
		};
		080EDEF721B6DA7E00813479 /* Frameworks */ = {
			isa = PBXFrameworksBuildPhase;
			buildActionMask = 2147483647;
			files = (
				080EDEFB21B6DA7E00813479 /* EssentialFeed.framework in Frameworks */,
			);
			runOnlyForDeploymentPostprocessing = 0;
		};
		7547F03C296B0CDF006C46F5 /* Frameworks */ = {
			isa = PBXFrameworksBuildPhase;
			buildActionMask = 2147483647;
			files = (
				7547F043296B0CDF006C46F5 /* EssentialFeed.framework in Frameworks */,
			);
			runOnlyForDeploymentPostprocessing = 0;
		};
		75737C5F29731A5200C04ECD /* Frameworks */ = {
			isa = PBXFrameworksBuildPhase;
			buildActionMask = 2147483647;
			files = (
				7575387A29733B950037E55A /* EssentialFeed.framework in Frameworks */,
			);
			runOnlyForDeploymentPostprocessing = 0;
		};
		75737C6629731A5200C04ECD /* Frameworks */ = {
			isa = PBXFrameworksBuildPhase;
			buildActionMask = 2147483647;
			files = (
				75737C6A29731A5200C04ECD /* EssentialFeediOS.framework in Frameworks */,
			);
			runOnlyForDeploymentPostprocessing = 0;
		};
		75D83970294CDD9E00B7F6E6 /* Frameworks */ = {
			isa = PBXFrameworksBuildPhase;
			buildActionMask = 2147483647;
			files = (
				75D83977294CDD9E00B7F6E6 /* EssentialFeed.framework in Frameworks */,
			);
			runOnlyForDeploymentPostprocessing = 0;
		};
/* End PBXFrameworksBuildPhase section */

/* Begin PBXGroup section */
		080EDEE721B6DA7E00813479 = {
			isa = PBXGroup;
			children = (
				080EDEF321B6DA7E00813479 /* EssentialFeed */,
				080EDEFE21B6DA7E00813479 /* EssentialFeedTests */,
				75D83974294CDD9E00B7F6E6 /* EssentialFeedAPIEndToEndTests */,
				7547F040296B0CDF006C46F5 /* EssentialFeedCacheIntegrationTests */,
				75737C6329731A5200C04ECD /* EssentialFeediOS */,
				75737C6D29731A5300C04ECD /* EssentialFeediOSTests */,
				080EDEF221B6DA7E00813479 /* Products */,
				7575387929733B950037E55A /* Frameworks */,
			);
			sourceTree = "<group>";
		};
		080EDEF221B6DA7E00813479 /* Products */ = {
			isa = PBXGroup;
			children = (
				080EDEF121B6DA7E00813479 /* EssentialFeed.framework */,
				080EDEFA21B6DA7E00813479 /* EssentialFeedTests.xctest */,
				75D83973294CDD9E00B7F6E6 /* EssentialFeedAPIEndToEndTests.xctest */,
				7547F03F296B0CDF006C46F5 /* EssentialFeedCacheIntegrationTests.xctest */,
				75737C6229731A5200C04ECD /* EssentialFeediOS.framework */,
				75737C6929731A5200C04ECD /* EssentialFeediOSTests.xctest */,
			);
			name = Products;
			sourceTree = "<group>";
		};
		080EDEF321B6DA7E00813479 /* EssentialFeed */ = {
			isa = PBXGroup;
			children = (
				080EDEF521B6DA7E00813479 /* Info.plist */,
				080EDF1021B6DFA200813479 /* Feed Feature */,
				08B42EA221C3F08A00DDA349 /* Feed API */,
				75BB841E295243BE001AAF78 /* FeedCache */,
			);
			path = EssentialFeed;
			sourceTree = "<group>";
		};
		080EDEFE21B6DA7E00813479 /* EssentialFeedTests */ = {
			isa = PBXGroup;
			children = (
				75D83941294CAD6200B7F6E6 /* Helpers */,
				75D8393E294A6C0200B7F6E6 /* Feed API */,
				75BB841B2950DF41001AAF78 /* FeedCache */,
				080EDF0121B6DA7E00813479 /* Info.plist */,
			);
			path = EssentialFeedTests;
			sourceTree = "<group>";
		};
		080EDF1021B6DFA200813479 /* Feed Feature */ = {
			isa = PBXGroup;
			children = (
				080EDF0B21B6DAE800813479 /* FeedImage.swift */,
				080EDF0D21B6DCB600813479 /* FeedLoader.swift */,
			);
			path = "Feed Feature";
			sourceTree = "<group>";
		};
		08B42EA221C3F08A00DDA349 /* Feed API */ = {
			isa = PBXGroup;
			children = (
				08B42EA321C3F09A00DDA349 /* RemoteFeedLoader.swift */,
				75D8393A294A668000B7F6E6 /* HTTPClient.swift */,
				75D8393C294A66A600B7F6E6 /* FeedItemsMapper.swift */,
				75D83944294CCE9900B7F6E6 /* URLSessionHTTPClient.swift */,
				75BB842329524E9F001AAF78 /* RemoteFeedItem.swift */,
			);
			path = "Feed API";
			sourceTree = "<group>";
		};
		753A28B3296F3A98003D27EE /* CoreData */ = {
			isa = PBXGroup;
			children = (
				7547F05D296B694E006C46F5 /* CoreDataHelpers.swift */,
				7547F04B296B0FC2006C46F5 /* CoreDataFeedStore.swift */,
				7547F058296B40BE006C46F5 /* FeedStore.xcdatamodeld */,
				7547F05F296B699F006C46F5 /* ManagedCache.swift */,
				7547F061296B69AA006C46F5 /* ManagedFeedImage.swift */,
			);
			path = CoreData;
			sourceTree = "<group>";
		};
		753A28B4296F3AB5003D27EE /* Codable */ = {
			isa = PBXGroup;
			children = (
				7547F0352969B925006C46F5 /* CodableFeedStore.swift */,
			);
			path = Codable;
			sourceTree = "<group>";
		};
		753FF22A297D5F0600D52B03 /* FeedImageLoader */ = {
			isa = PBXGroup;
			children = (
				753FF22B297D5F1E00D52B03 /* FeedImageDataLoader.swift */,
			);
			path = FeedImageLoader;
			sourceTree = "<group>";
		};
		753FF22D297D5F2F00D52B03 /* FeedUI */ = {
			isa = PBXGroup;
			children = (
				753FF234297D796900D52B03 /* Composers */,
				753FF22E297D5F3800D52B03 /* Controller */,
				753FF22F297D5F4000D52B03 /* Views */,
			);
			path = FeedUI;
			sourceTree = "<group>";
		};
		753FF22E297D5F3800D52B03 /* Controller */ = {
			isa = PBXGroup;
			children = (
				75308A0E297711260089A534 /* FeedViewController.swift */,
				753FF232297D764100D52B03 /* FeedImageCellController.swift */,
			);
			path = Controller;
			sourceTree = "<group>";
		};
		753FF22F297D5F4000D52B03 /* Views */ = {
			isa = PBXGroup;
			children = (
				75308A1029773BC40089A534 /* FeedImageCell.swift */,
				75308A13297753050089A534 /* UIView+Shimmering.swift */,
				7575A02A29869E8300F65ABD /* UITableView+Dequeueing.swift */,
				7575A0242986900E00F65ABD /* Feed.storyboard */,
				7575A026298690DE00F65ABD /* Feed.xcassets */,
			);
			path = Views;
			sourceTree = "<group>";
		};
		753FF234297D796900D52B03 /* Composers */ = {
			isa = PBXGroup;
			children = (
				753FF235297D797300D52B03 /* FeedUIComposer.swift */,
			);
			path = Composers;
			sourceTree = "<group>";
		};
		7547F040296B0CDF006C46F5 /* EssentialFeedCacheIntegrationTests */ = {
			isa = PBXGroup;
			children = (
				7547F041296B0CDF006C46F5 /* EssentialFeedCacheIntegrationTests.swift */,
			);
			path = EssentialFeedCacheIntegrationTests;
			sourceTree = "<group>";
		};
		7547F05C296B6857006C46F5 /* Infrastructure */ = {
			isa = PBXGroup;
			children = (
				753A28B4296F3AB5003D27EE /* Codable */,
				753A28B3296F3A98003D27EE /* CoreData */,
			);
			path = Infrastructure;
			sourceTree = "<group>";
		};
		75737C6329731A5200C04ECD /* EssentialFeediOS */ = {
			isa = PBXGroup;
			children = (
				753FF22A297D5F0600D52B03 /* FeedImageLoader */,
				7575A01929866B9D00F65ABD /* FeedPresentation */,
				753FF22D297D5F2F00D52B03 /* FeedUI */,
			);
			path = EssentialFeediOS;
			sourceTree = "<group>";
		};
		75737C6D29731A5300C04ECD /* EssentialFeediOSTests */ = {
			isa = PBXGroup;
			children = (
				75753877297339E20037E55A /* FeedViewControllerTests.swift */,
			);
			path = EssentialFeediOSTests;
			sourceTree = "<group>";
		};
		7575387929733B950037E55A /* Frameworks */ = {
			isa = PBXGroup;
			children = (
			);
			name = Frameworks;
			sourceTree = "<group>";
		};
		7575A01929866B9D00F65ABD /* FeedPresentation */ = {
			isa = PBXGroup;
			children = (
				7575A01A29866BC800F65ABD /* FeedPresenter.swift */,
				7575A01C29867DC000F65ABD /* FeedImagePresenter.swift */,
				7575A02229867F8C00F65ABD /* FeedViewModel.swift */,
				7575A02029867F7B00F65ABD /* FeedLoadingViewModel.swift */,
				7575A01E29867F2D00F65ABD /* FeedImageViewModel.swift */,
			);
			path = FeedPresentation;
			sourceTree = "<group>";
		};
		75BB841B2950DF41001AAF78 /* FeedCache */ = {
			isa = PBXGroup;
			children = (
				75BB842929525791001AAF78 /* Helpers */,
				75BB841C2950DF5B001AAF78 /* CacheFeedUseCaseTests.swift */,
				75BB8427295255DC001AAF78 /* LoadFeedFromCacheUseCaseTests.swift */,
				75BB842C2954F330001AAF78 /* ValidateFeedCacheUseCaseTests.swift */,
				7547F03329698309006C46F5 /* CodableFeedStoreTests.swift */,
				7547F037296AF8B8006C46F5 /* FeedStoreSpecs.swift */,
				7547F039296AF958006C46F5 /* XCTestCase+FeedStoreSpecs.swift */,
				7547F049296B0EE2006C46F5 /* CoreDataFeedStoreTests.swift */,
			);
			path = FeedCache;
			sourceTree = "<group>";
		};
		75BB841E295243BE001AAF78 /* FeedCache */ = {
			isa = PBXGroup;
			children = (
				7547F05C296B6857006C46F5 /* Infrastructure */,
				75BB841F295243D5001AAF78 /* LocalFeedLoader.swift */,
				75BB842129524432001AAF78 /* FeedStore.swift */,
				75BB842529524ED2001AAF78 /* LocalFeedImage.swift */,
				75BB843229550742001AAF78 /* FeedCachePolicy.swift */,
			);
			path = FeedCache;
			sourceTree = "<group>";
		};
		75BB842929525791001AAF78 /* Helpers */ = {
			isa = PBXGroup;
			children = (
				75BB842A295257A0001AAF78 /* FeedStoreSpy.swift */,
				75BB842E2954F660001AAF78 /* FeedCacheTestHelpers.swift */,
			);
			path = Helpers;
			sourceTree = "<group>";
		};
		75D8393E294A6C0200B7F6E6 /* Feed API */ = {
			isa = PBXGroup;
			children = (
				08DDC13921BEA99E00F490ED /* LoadFeedFromRemoteUseCaseTests.swift */,
				75D8393F294A7F3500B7F6E6 /* URLSessionHTTPClientTests.swift */,
			);
			path = "Feed API";
			sourceTree = "<group>";
		};
		75D83941294CAD6200B7F6E6 /* Helpers */ = {
			isa = PBXGroup;
			children = (
				75D83942294CAD9F00B7F6E6 /* XCTestCase+Extensions.swift */,
				75BB84302954F6D1001AAF78 /* SharedTestHelpers.swift */,
			);
			path = Helpers;
			sourceTree = "<group>";
		};
		75D83974294CDD9E00B7F6E6 /* EssentialFeedAPIEndToEndTests */ = {
			isa = PBXGroup;
			children = (
				75D83975294CDD9E00B7F6E6 /* EssentialFeedAPIEndToEndTests.swift */,
			);
			path = EssentialFeedAPIEndToEndTests;
			sourceTree = "<group>";
		};
/* End PBXGroup section */

/* Begin PBXHeadersBuildPhase section */
		080EDEEC21B6DA7E00813479 /* Headers */ = {
			isa = PBXHeadersBuildPhase;
			buildActionMask = 2147483647;
			files = (
			);
			runOnlyForDeploymentPostprocessing = 0;
		};
		75737C5D29731A5200C04ECD /* Headers */ = {
			isa = PBXHeadersBuildPhase;
			buildActionMask = 2147483647;
			files = (
			);
			runOnlyForDeploymentPostprocessing = 0;
		};
/* End PBXHeadersBuildPhase section */

/* Begin PBXNativeTarget section */
		080EDEF021B6DA7E00813479 /* EssentialFeed */ = {
			isa = PBXNativeTarget;
			buildConfigurationList = 080EDF0521B6DA7E00813479 /* Build configuration list for PBXNativeTarget "EssentialFeed" */;
			buildPhases = (
				080EDEEC21B6DA7E00813479 /* Headers */,
				080EDEED21B6DA7E00813479 /* Sources */,
				080EDEEE21B6DA7E00813479 /* Frameworks */,
				080EDEEF21B6DA7E00813479 /* Resources */,
			);
			buildRules = (
			);
			dependencies = (
			);
			name = EssentialFeed;
			productName = EssentialFeed;
			productReference = 080EDEF121B6DA7E00813479 /* EssentialFeed.framework */;
			productType = "com.apple.product-type.framework";
		};
		080EDEF921B6DA7E00813479 /* EssentialFeedTests */ = {
			isa = PBXNativeTarget;
			buildConfigurationList = 080EDF0821B6DA7E00813479 /* Build configuration list for PBXNativeTarget "EssentialFeedTests" */;
			buildPhases = (
				080EDEF621B6DA7E00813479 /* Sources */,
				080EDEF721B6DA7E00813479 /* Frameworks */,
				080EDEF821B6DA7E00813479 /* Resources */,
			);
			buildRules = (
			);
			dependencies = (
				080EDEFD21B6DA7E00813479 /* PBXTargetDependency */,
			);
			name = EssentialFeedTests;
			productName = EssentialFeedTests;
			productReference = 080EDEFA21B6DA7E00813479 /* EssentialFeedTests.xctest */;
			productType = "com.apple.product-type.bundle.unit-test";
		};
		7547F03E296B0CDF006C46F5 /* EssentialFeedCacheIntegrationTests */ = {
			isa = PBXNativeTarget;
			buildConfigurationList = 7547F046296B0CDF006C46F5 /* Build configuration list for PBXNativeTarget "EssentialFeedCacheIntegrationTests" */;
			buildPhases = (
				7547F03B296B0CDF006C46F5 /* Sources */,
				7547F03C296B0CDF006C46F5 /* Frameworks */,
				7547F03D296B0CDF006C46F5 /* Resources */,
			);
			buildRules = (
			);
			dependencies = (
				7547F045296B0CDF006C46F5 /* PBXTargetDependency */,
			);
			name = EssentialFeedCacheIntegrationTests;
			productName = EssentialFeedCacheIntegrationTests;
			productReference = 7547F03F296B0CDF006C46F5 /* EssentialFeedCacheIntegrationTests.xctest */;
			productType = "com.apple.product-type.bundle.unit-test";
		};
		75737C6129731A5200C04ECD /* EssentialFeediOS */ = {
			isa = PBXNativeTarget;
			buildConfigurationList = 75737C7129731A5300C04ECD /* Build configuration list for PBXNativeTarget "EssentialFeediOS" */;
			buildPhases = (
				75737C5D29731A5200C04ECD /* Headers */,
				75737C5E29731A5200C04ECD /* Sources */,
				75737C5F29731A5200C04ECD /* Frameworks */,
				75737C6029731A5200C04ECD /* Resources */,
				7575387E29733B960037E55A /* Embed Frameworks */,
			);
			buildRules = (
			);
			dependencies = (
				7575387D29733B950037E55A /* PBXTargetDependency */,
			);
			name = EssentialFeediOS;
			productName = EssentialFeediOS;
			productReference = 75737C6229731A5200C04ECD /* EssentialFeediOS.framework */;
			productType = "com.apple.product-type.framework";
		};
		75737C6829731A5200C04ECD /* EssentialFeediOSTests */ = {
			isa = PBXNativeTarget;
			buildConfigurationList = 75737C7429731A5300C04ECD /* Build configuration list for PBXNativeTarget "EssentialFeediOSTests" */;
			buildPhases = (
				75737C6529731A5200C04ECD /* Sources */,
				75737C6629731A5200C04ECD /* Frameworks */,
				75737C6729731A5200C04ECD /* Resources */,
			);
			buildRules = (
			);
			dependencies = (
				75737C6C29731A5200C04ECD /* PBXTargetDependency */,
			);
			name = EssentialFeediOSTests;
			productName = EssentialFeediOSTests;
			productReference = 75737C6929731A5200C04ECD /* EssentialFeediOSTests.xctest */;
			productType = "com.apple.product-type.bundle.unit-test";
		};
		75D83972294CDD9E00B7F6E6 /* EssentialFeedAPIEndToEndTests */ = {
			isa = PBXNativeTarget;
			buildConfigurationList = 75D8397A294CDD9E00B7F6E6 /* Build configuration list for PBXNativeTarget "EssentialFeedAPIEndToEndTests" */;
			buildPhases = (
				75D8396F294CDD9E00B7F6E6 /* Sources */,
				75D83970294CDD9E00B7F6E6 /* Frameworks */,
				75D83971294CDD9E00B7F6E6 /* Resources */,
			);
			buildRules = (
			);
			dependencies = (
				75D83979294CDD9E00B7F6E6 /* PBXTargetDependency */,
			);
			name = EssentialFeedAPIEndToEndTests;
			productName = EssentialFeedAPIEndToEndTests;
			productReference = 75D83973294CDD9E00B7F6E6 /* EssentialFeedAPIEndToEndTests.xctest */;
			productType = "com.apple.product-type.bundle.unit-test";
		};
/* End PBXNativeTarget section */

/* Begin PBXProject section */
		080EDEE821B6DA7E00813479 /* Project object */ = {
			isa = PBXProject;
			attributes = {
				LastSwiftUpdateCheck = 1420;
				LastUpgradeCheck = 1420;
				ORGANIZATIONNAME = "Essential Developer";
				TargetAttributes = {
					080EDEF021B6DA7E00813479 = {
						CreatedOnToolsVersion = 10.1;
						LastSwiftMigration = "";
					};
					080EDEF921B6DA7E00813479 = {
						CreatedOnToolsVersion = 10.1;
						LastSwiftMigration = "";
					};
					7547F03E296B0CDF006C46F5 = {
						CreatedOnToolsVersion = 14.2;
					};
					75737C6129731A5200C04ECD = {
						CreatedOnToolsVersion = 14.2;
						LastSwiftMigration = 1420;
					};
					75737C6829731A5200C04ECD = {
						CreatedOnToolsVersion = 14.2;
						LastSwiftMigration = 1420;
					};
					75D83972294CDD9E00B7F6E6 = {
						CreatedOnToolsVersion = 13.4.1;
					};
				};
			};
			buildConfigurationList = 080EDEEB21B6DA7E00813479 /* Build configuration list for PBXProject "EssentialFeed" */;
			compatibilityVersion = "Xcode 9.3";
			developmentRegion = en;
			hasScannedForEncodings = 0;
			knownRegions = (
				en,
				Base,
			);
			mainGroup = 080EDEE721B6DA7E00813479;
			productRefGroup = 080EDEF221B6DA7E00813479 /* Products */;
			projectDirPath = "";
			projectRoot = "";
			targets = (
				080EDEF021B6DA7E00813479 /* EssentialFeed */,
				080EDEF921B6DA7E00813479 /* EssentialFeedTests */,
				75D83972294CDD9E00B7F6E6 /* EssentialFeedAPIEndToEndTests */,
				7547F03E296B0CDF006C46F5 /* EssentialFeedCacheIntegrationTests */,
				75737C6129731A5200C04ECD /* EssentialFeediOS */,
				75737C6829731A5200C04ECD /* EssentialFeediOSTests */,
			);
		};
/* End PBXProject section */

/* Begin PBXResourcesBuildPhase section */
		080EDEEF21B6DA7E00813479 /* Resources */ = {
			isa = PBXResourcesBuildPhase;
			buildActionMask = 2147483647;
			files = (
			);
			runOnlyForDeploymentPostprocessing = 0;
		};
		080EDEF821B6DA7E00813479 /* Resources */ = {
			isa = PBXResourcesBuildPhase;
			buildActionMask = 2147483647;
			files = (
			);
			runOnlyForDeploymentPostprocessing = 0;
		};
		7547F03D296B0CDF006C46F5 /* Resources */ = {
			isa = PBXResourcesBuildPhase;
			buildActionMask = 2147483647;
			files = (
			);
			runOnlyForDeploymentPostprocessing = 0;
		};
		75737C6029731A5200C04ECD /* Resources */ = {
			isa = PBXResourcesBuildPhase;
			buildActionMask = 2147483647;
			files = (
				7575A0252986900E00F65ABD /* Feed.storyboard in Resources */,
				7575A027298690DE00F65ABD /* Feed.xcassets in Resources */,
			);
			runOnlyForDeploymentPostprocessing = 0;
		};
		75737C6729731A5200C04ECD /* Resources */ = {
			isa = PBXResourcesBuildPhase;
			buildActionMask = 2147483647;
			files = (
			);
			runOnlyForDeploymentPostprocessing = 0;
		};
		75D83971294CDD9E00B7F6E6 /* Resources */ = {
			isa = PBXResourcesBuildPhase;
			buildActionMask = 2147483647;
			files = (
			);
			runOnlyForDeploymentPostprocessing = 0;
		};
/* End PBXResourcesBuildPhase section */

/* Begin PBXSourcesBuildPhase section */
		080EDEED21B6DA7E00813479 /* Sources */ = {
			isa = PBXSourcesBuildPhase;
			buildActionMask = 2147483647;
			files = (
				7547F05E296B694E006C46F5 /* CoreDataHelpers.swift in Sources */,
				75D8393D294A66A600B7F6E6 /* FeedItemsMapper.swift in Sources */,
				080EDF0E21B6DCB600813479 /* FeedLoader.swift in Sources */,
				7547F05A296B40BE006C46F5 /* FeedStore.xcdatamodeld in Sources */,
				75BB842429524E9F001AAF78 /* RemoteFeedItem.swift in Sources */,
				75BB843329550742001AAF78 /* FeedCachePolicy.swift in Sources */,
				08B42EA421C3F09A00DDA349 /* RemoteFeedLoader.swift in Sources */,
				75BB842629524ED2001AAF78 /* LocalFeedImage.swift in Sources */,
				75BB842229524432001AAF78 /* FeedStore.swift in Sources */,
				75BB8420295243D5001AAF78 /* LocalFeedLoader.swift in Sources */,
				7547F0362969B925006C46F5 /* CodableFeedStore.swift in Sources */,
				75D8393B294A668000B7F6E6 /* HTTPClient.swift in Sources */,
				080EDF0C21B6DAE800813479 /* FeedImage.swift in Sources */,
				75D83945294CCE9900B7F6E6 /* URLSessionHTTPClient.swift in Sources */,
				7547F060296B699F006C46F5 /* ManagedCache.swift in Sources */,
				7547F04C296B0FC2006C46F5 /* CoreDataFeedStore.swift in Sources */,
				7547F062296B69AA006C46F5 /* ManagedFeedImage.swift in Sources */,
			);
			runOnlyForDeploymentPostprocessing = 0;
		};
		080EDEF621B6DA7E00813479 /* Sources */ = {
			isa = PBXSourcesBuildPhase;
			buildActionMask = 2147483647;
			files = (
				7547F03429698309006C46F5 /* CodableFeedStoreTests.swift in Sources */,
				7547F04A296B0EE2006C46F5 /* CoreDataFeedStoreTests.swift in Sources */,
				75BB842F2954F660001AAF78 /* FeedCacheTestHelpers.swift in Sources */,
				75BB842D2954F330001AAF78 /* ValidateFeedCacheUseCaseTests.swift in Sources */,
				75D83943294CAD9F00B7F6E6 /* XCTestCase+Extensions.swift in Sources */,
				08DDC13A21BEA99E00F490ED /* LoadFeedFromRemoteUseCaseTests.swift in Sources */,
				75BB842B295257A0001AAF78 /* FeedStoreSpy.swift in Sources */,
				75BB84312954F6D1001AAF78 /* SharedTestHelpers.swift in Sources */,
				75BB841D2950DF5B001AAF78 /* CacheFeedUseCaseTests.swift in Sources */,
				75BB8428295255DC001AAF78 /* LoadFeedFromCacheUseCaseTests.swift in Sources */,
				7547F038296AF8B8006C46F5 /* FeedStoreSpecs.swift in Sources */,
				75D83940294A7F3500B7F6E6 /* URLSessionHTTPClientTests.swift in Sources */,
				7547F03A296AF958006C46F5 /* XCTestCase+FeedStoreSpecs.swift in Sources */,
			);
			runOnlyForDeploymentPostprocessing = 0;
		};
		7547F03B296B0CDF006C46F5 /* Sources */ = {
			isa = PBXSourcesBuildPhase;
			buildActionMask = 2147483647;
			files = (
				753A28B2296F167A003D27EE /* SharedTestHelpers.swift in Sources */,
				753A28B0296F14A0003D27EE /* XCTestCase+Extensions.swift in Sources */,
				753A28B1296F15AF003D27EE /* FeedCacheTestHelpers.swift in Sources */,
				7547F042296B0CDF006C46F5 /* EssentialFeedCacheIntegrationTests.swift in Sources */,
			);
			runOnlyForDeploymentPostprocessing = 0;
		};
		75737C5E29731A5200C04ECD /* Sources */ = {
			isa = PBXSourcesBuildPhase;
			buildActionMask = 2147483647;
			files = (
				7575A01B29866BC800F65ABD /* FeedPresenter.swift in Sources */,
				753FF22C297D5F1E00D52B03 /* FeedImageDataLoader.swift in Sources */,
				7575A02329867F8C00F65ABD /* FeedViewModel.swift in Sources */,
				7575A02B29869E8300F65ABD /* UITableView+Dequeueing.swift in Sources */,
				7575A02129867F7B00F65ABD /* FeedLoadingViewModel.swift in Sources */,
				75308A14297753050089A534 /* UIView+Shimmering.swift in Sources */,
				7575A01F29867F2D00F65ABD /* FeedImageViewModel.swift in Sources */,
				7575A01D29867DC000F65ABD /* FeedImagePresenter.swift in Sources */,
				75308A0F297711260089A534 /* FeedViewController.swift in Sources */,
				75308A1129773BC40089A534 /* FeedImageCell.swift in Sources */,
				753FF233297D764100D52B03 /* FeedImageCellController.swift in Sources */,
				753FF236297D797300D52B03 /* FeedUIComposer.swift in Sources */,
			);
			runOnlyForDeploymentPostprocessing = 0;
		};
		75737C6529731A5200C04ECD /* Sources */ = {
			isa = PBXSourcesBuildPhase;
			buildActionMask = 2147483647;
			files = (
				7575388129733CAB0037E55A /* XCTestCase+Extensions.swift in Sources */,
				75753878297339E20037E55A /* FeedViewControllerTests.swift in Sources */,
				75308A122977434E0089A534 /* SharedTestHelpers.swift in Sources */,
			);
			runOnlyForDeploymentPostprocessing = 0;
		};
		75D8396F294CDD9E00B7F6E6 /* Sources */ = {
			isa = PBXSourcesBuildPhase;
			buildActionMask = 2147483647;
			files = (
				75D8397E294CDE4800B7F6E6 /* XCTestCase+Extensions.swift in Sources */,
				75D83976294CDD9E00B7F6E6 /* EssentialFeedAPIEndToEndTests.swift in Sources */,
			);
			runOnlyForDeploymentPostprocessing = 0;
		};
/* End PBXSourcesBuildPhase section */

/* Begin PBXTargetDependency section */
		080EDEFD21B6DA7E00813479 /* PBXTargetDependency */ = {
			isa = PBXTargetDependency;
			target = 080EDEF021B6DA7E00813479 /* EssentialFeed */;
			targetProxy = 080EDEFC21B6DA7E00813479 /* PBXContainerItemProxy */;
		};
		7547F045296B0CDF006C46F5 /* PBXTargetDependency */ = {
			isa = PBXTargetDependency;
			target = 080EDEF021B6DA7E00813479 /* EssentialFeed */;
			targetProxy = 7547F044296B0CDF006C46F5 /* PBXContainerItemProxy */;
		};
		75737C6C29731A5200C04ECD /* PBXTargetDependency */ = {
			isa = PBXTargetDependency;
			target = 75737C6129731A5200C04ECD /* EssentialFeediOS */;
			targetProxy = 75737C6B29731A5200C04ECD /* PBXContainerItemProxy */;
		};
		7575387D29733B950037E55A /* PBXTargetDependency */ = {
			isa = PBXTargetDependency;
			platformFilter = ios;
			target = 080EDEF021B6DA7E00813479 /* EssentialFeed */;
			targetProxy = 7575387C29733B950037E55A /* PBXContainerItemProxy */;
		};
		75D83979294CDD9E00B7F6E6 /* PBXTargetDependency */ = {
			isa = PBXTargetDependency;
			target = 080EDEF021B6DA7E00813479 /* EssentialFeed */;
			targetProxy = 75D83978294CDD9E00B7F6E6 /* PBXContainerItemProxy */;
		};
/* End PBXTargetDependency section */

/* Begin XCBuildConfiguration section */
		080EDF0321B6DA7E00813479 /* Debug */ = {
			isa = XCBuildConfiguration;
			buildSettings = {
				ALWAYS_SEARCH_USER_PATHS = NO;
				CLANG_ANALYZER_NONNULL = YES;
				CLANG_ANALYZER_NUMBER_OBJECT_CONVERSION = YES_AGGRESSIVE;
				CLANG_CXX_LANGUAGE_STANDARD = "gnu++14";
				CLANG_CXX_LIBRARY = "libc++";
				CLANG_ENABLE_MODULES = YES;
				CLANG_ENABLE_OBJC_ARC = YES;
				CLANG_ENABLE_OBJC_WEAK = YES;
				CLANG_WARN_BLOCK_CAPTURE_AUTORELEASING = YES;
				CLANG_WARN_BOOL_CONVERSION = YES;
				CLANG_WARN_COMMA = YES;
				CLANG_WARN_CONSTANT_CONVERSION = YES;
				CLANG_WARN_DEPRECATED_OBJC_IMPLEMENTATIONS = YES;
				CLANG_WARN_DIRECT_OBJC_ISA_USAGE = YES_ERROR;
				CLANG_WARN_DOCUMENTATION_COMMENTS = YES;
				CLANG_WARN_EMPTY_BODY = YES;
				CLANG_WARN_ENUM_CONVERSION = YES;
				CLANG_WARN_INFINITE_RECURSION = YES;
				CLANG_WARN_INT_CONVERSION = YES;
				CLANG_WARN_NON_LITERAL_NULL_CONVERSION = YES;
				CLANG_WARN_OBJC_IMPLICIT_RETAIN_SELF = YES;
				CLANG_WARN_OBJC_LITERAL_CONVERSION = YES;
				CLANG_WARN_OBJC_ROOT_CLASS = YES_ERROR;
				CLANG_WARN_QUOTED_INCLUDE_IN_FRAMEWORK_HEADER = YES;
				CLANG_WARN_RANGE_LOOP_ANALYSIS = YES;
				CLANG_WARN_STRICT_PROTOTYPES = YES;
				CLANG_WARN_SUSPICIOUS_MOVE = YES;
				CLANG_WARN_UNGUARDED_AVAILABILITY = YES_AGGRESSIVE;
				CLANG_WARN_UNREACHABLE_CODE = YES;
				CLANG_WARN__DUPLICATE_METHOD_MATCH = YES;
				CODE_SIGN_IDENTITY = "Mac Developer";
				COPY_PHASE_STRIP = NO;
				CURRENT_PROJECT_VERSION = 1;
				DEAD_CODE_STRIPPING = YES;
				DEBUG_INFORMATION_FORMAT = dwarf;
				ENABLE_STRICT_OBJC_MSGSEND = YES;
				ENABLE_TESTABILITY = YES;
				GCC_C_LANGUAGE_STANDARD = gnu11;
				GCC_DYNAMIC_NO_PIC = NO;
				GCC_NO_COMMON_BLOCKS = YES;
				GCC_OPTIMIZATION_LEVEL = 0;
				GCC_PREPROCESSOR_DEFINITIONS = (
					"DEBUG=1",
					"$(inherited)",
				);
				GCC_WARN_64_TO_32_BIT_CONVERSION = YES;
				GCC_WARN_ABOUT_RETURN_TYPE = YES_ERROR;
				GCC_WARN_UNDECLARED_SELECTOR = YES;
				GCC_WARN_UNINITIALIZED_AUTOS = YES_AGGRESSIVE;
				GCC_WARN_UNUSED_FUNCTION = YES;
				GCC_WARN_UNUSED_VARIABLE = YES;
				MACOSX_DEPLOYMENT_TARGET = 10.14;
				MTL_ENABLE_DEBUG_INFO = INCLUDE_SOURCE;
				MTL_FAST_MATH = YES;
				ONLY_ACTIVE_ARCH = YES;
				SDKROOT = macosx;
				SWIFT_ACTIVE_COMPILATION_CONDITIONS = DEBUG;
				SWIFT_OPTIMIZATION_LEVEL = "-Onone";
				VERSIONING_SYSTEM = "apple-generic";
				VERSION_INFO_PREFIX = "";
			};
			name = Debug;
		};
		080EDF0421B6DA7E00813479 /* Release */ = {
			isa = XCBuildConfiguration;
			buildSettings = {
				ALWAYS_SEARCH_USER_PATHS = NO;
				CLANG_ANALYZER_NONNULL = YES;
				CLANG_ANALYZER_NUMBER_OBJECT_CONVERSION = YES_AGGRESSIVE;
				CLANG_CXX_LANGUAGE_STANDARD = "gnu++14";
				CLANG_CXX_LIBRARY = "libc++";
				CLANG_ENABLE_MODULES = YES;
				CLANG_ENABLE_OBJC_ARC = YES;
				CLANG_ENABLE_OBJC_WEAK = YES;
				CLANG_WARN_BLOCK_CAPTURE_AUTORELEASING = YES;
				CLANG_WARN_BOOL_CONVERSION = YES;
				CLANG_WARN_COMMA = YES;
				CLANG_WARN_CONSTANT_CONVERSION = YES;
				CLANG_WARN_DEPRECATED_OBJC_IMPLEMENTATIONS = YES;
				CLANG_WARN_DIRECT_OBJC_ISA_USAGE = YES_ERROR;
				CLANG_WARN_DOCUMENTATION_COMMENTS = YES;
				CLANG_WARN_EMPTY_BODY = YES;
				CLANG_WARN_ENUM_CONVERSION = YES;
				CLANG_WARN_INFINITE_RECURSION = YES;
				CLANG_WARN_INT_CONVERSION = YES;
				CLANG_WARN_NON_LITERAL_NULL_CONVERSION = YES;
				CLANG_WARN_OBJC_IMPLICIT_RETAIN_SELF = YES;
				CLANG_WARN_OBJC_LITERAL_CONVERSION = YES;
				CLANG_WARN_OBJC_ROOT_CLASS = YES_ERROR;
				CLANG_WARN_QUOTED_INCLUDE_IN_FRAMEWORK_HEADER = YES;
				CLANG_WARN_RANGE_LOOP_ANALYSIS = YES;
				CLANG_WARN_STRICT_PROTOTYPES = YES;
				CLANG_WARN_SUSPICIOUS_MOVE = YES;
				CLANG_WARN_UNGUARDED_AVAILABILITY = YES_AGGRESSIVE;
				CLANG_WARN_UNREACHABLE_CODE = YES;
				CLANG_WARN__DUPLICATE_METHOD_MATCH = YES;
				CODE_SIGN_IDENTITY = "Mac Developer";
				COPY_PHASE_STRIP = NO;
				CURRENT_PROJECT_VERSION = 1;
				DEAD_CODE_STRIPPING = YES;
				DEBUG_INFORMATION_FORMAT = "dwarf-with-dsym";
				ENABLE_NS_ASSERTIONS = NO;
				ENABLE_STRICT_OBJC_MSGSEND = YES;
				GCC_C_LANGUAGE_STANDARD = gnu11;
				GCC_NO_COMMON_BLOCKS = YES;
				GCC_WARN_64_TO_32_BIT_CONVERSION = YES;
				GCC_WARN_ABOUT_RETURN_TYPE = YES_ERROR;
				GCC_WARN_UNDECLARED_SELECTOR = YES;
				GCC_WARN_UNINITIALIZED_AUTOS = YES_AGGRESSIVE;
				GCC_WARN_UNUSED_FUNCTION = YES;
				GCC_WARN_UNUSED_VARIABLE = YES;
				MACOSX_DEPLOYMENT_TARGET = 10.14;
				MTL_ENABLE_DEBUG_INFO = NO;
				MTL_FAST_MATH = YES;
				SDKROOT = macosx;
				SWIFT_COMPILATION_MODE = wholemodule;
				SWIFT_OPTIMIZATION_LEVEL = "-O";
				VERSIONING_SYSTEM = "apple-generic";
				VERSION_INFO_PREFIX = "";
			};
			name = Release;
		};
		080EDF0621B6DA7E00813479 /* Debug */ = {
			isa = XCBuildConfiguration;
			buildSettings = {
				CLANG_ENABLE_MODULES = YES;
				CODE_SIGN_IDENTITY = "";
				CODE_SIGN_STYLE = Automatic;
				COMBINE_HIDPI_IMAGES = YES;
				DEAD_CODE_STRIPPING = YES;
				DEFINES_MODULE = YES;
				DEVELOPMENT_TEAM = 6G2XCUMYTS;
				DYLIB_COMPATIBILITY_VERSION = 1;
				DYLIB_CURRENT_VERSION = 1;
				DYLIB_INSTALL_NAME_BASE = "@rpath";
				FRAMEWORK_VERSION = A;
				INFOPLIST_FILE = EssentialFeed/Info.plist;
				INSTALL_PATH = "$(LOCAL_LIBRARY_DIR)/Frameworks";
				LD_RUNPATH_SEARCH_PATHS = (
					"$(inherited)",
					"@executable_path/../Frameworks",
					"@loader_path/Frameworks",
				);
				MACOSX_DEPLOYMENT_TARGET = "$(RECOMMENDED_MACOSX_DEPLOYMENT_TARGET)";
				PRODUCT_BUNDLE_IDENTIFIER = com.essentialdeveloper.EssentialFeed;
				PRODUCT_NAME = "$(TARGET_NAME:c99extidentifier)";
				SKIP_INSTALL = YES;
				SUPPORTED_PLATFORMS = "macosx iphonesimulator iphoneos";
				SWIFT_OPTIMIZATION_LEVEL = "-Onone";
				SWIFT_VERSION = 5.0;
			};
			name = Debug;
		};
		080EDF0721B6DA7E00813479 /* Release */ = {
			isa = XCBuildConfiguration;
			buildSettings = {
				CLANG_ENABLE_MODULES = YES;
				CODE_SIGN_IDENTITY = "";
				CODE_SIGN_STYLE = Automatic;
				COMBINE_HIDPI_IMAGES = YES;
				DEAD_CODE_STRIPPING = YES;
				DEFINES_MODULE = YES;
				DEVELOPMENT_TEAM = 6G2XCUMYTS;
				DYLIB_COMPATIBILITY_VERSION = 1;
				DYLIB_CURRENT_VERSION = 1;
				DYLIB_INSTALL_NAME_BASE = "@rpath";
				FRAMEWORK_VERSION = A;
				INFOPLIST_FILE = EssentialFeed/Info.plist;
				INSTALL_PATH = "$(LOCAL_LIBRARY_DIR)/Frameworks";
				LD_RUNPATH_SEARCH_PATHS = (
					"$(inherited)",
					"@executable_path/../Frameworks",
					"@loader_path/Frameworks",
				);
				MACOSX_DEPLOYMENT_TARGET = "$(RECOMMENDED_MACOSX_DEPLOYMENT_TARGET)";
				PRODUCT_BUNDLE_IDENTIFIER = com.essentialdeveloper.EssentialFeed;
				PRODUCT_NAME = "$(TARGET_NAME:c99extidentifier)";
				SKIP_INSTALL = YES;
				SUPPORTED_PLATFORMS = "macosx iphonesimulator iphoneos";
				SWIFT_VERSION = 5.0;
			};
			name = Release;
		};
		080EDF0921B6DA7E00813479 /* Debug */ = {
			isa = XCBuildConfiguration;
			buildSettings = {
				ALWAYS_EMBED_SWIFT_STANDARD_LIBRARIES = YES;
				CLANG_ENABLE_MODULES = YES;
				CODE_SIGN_STYLE = Automatic;
				COMBINE_HIDPI_IMAGES = YES;
				DEAD_CODE_STRIPPING = YES;
				DEVELOPMENT_TEAM = 6G2XCUMYTS;
				INFOPLIST_FILE = EssentialFeedTests/Info.plist;
				LD_RUNPATH_SEARCH_PATHS = (
					"$(inherited)",
					"@executable_path/../Frameworks",
					"@loader_path/../Frameworks",
				);
				MACOSX_DEPLOYMENT_TARGET = "$(RECOMMENDED_MACOSX_DEPLOYMENT_TARGET)";
				PRODUCT_BUNDLE_IDENTIFIER = com.essentialdeveloper.EssentialFeedTests;
				PRODUCT_NAME = "$(TARGET_NAME)";
				SUPPORTED_PLATFORMS = "macosx iphonesimulator iphoneos";
				SWIFT_OPTIMIZATION_LEVEL = "-Onone";
				SWIFT_VERSION = 5.0;
			};
			name = Debug;
		};
		080EDF0A21B6DA7E00813479 /* Release */ = {
			isa = XCBuildConfiguration;
			buildSettings = {
				ALWAYS_EMBED_SWIFT_STANDARD_LIBRARIES = YES;
				CLANG_ENABLE_MODULES = YES;
				CODE_SIGN_STYLE = Automatic;
				COMBINE_HIDPI_IMAGES = YES;
				DEAD_CODE_STRIPPING = YES;
				DEVELOPMENT_TEAM = 6G2XCUMYTS;
				INFOPLIST_FILE = EssentialFeedTests/Info.plist;
				LD_RUNPATH_SEARCH_PATHS = (
					"$(inherited)",
					"@executable_path/../Frameworks",
					"@loader_path/../Frameworks",
				);
				MACOSX_DEPLOYMENT_TARGET = "$(RECOMMENDED_MACOSX_DEPLOYMENT_TARGET)";
				PRODUCT_BUNDLE_IDENTIFIER = com.essentialdeveloper.EssentialFeedTests;
				PRODUCT_NAME = "$(TARGET_NAME)";
				SUPPORTED_PLATFORMS = "macosx iphonesimulator iphoneos";
				SWIFT_VERSION = 5.0;
			};
			name = Release;
		};
		7547F047296B0CDF006C46F5 /* Debug */ = {
			isa = XCBuildConfiguration;
			buildSettings = {
				CLANG_CXX_LANGUAGE_STANDARD = "gnu++20";
				CODE_SIGN_STYLE = Automatic;
				CURRENT_PROJECT_VERSION = 1;
				DEVELOPMENT_TEAM = 6G2XCUMYTS;
				GENERATE_INFOPLIST_FILE = YES;
				MACOSX_DEPLOYMENT_TARGET = 13.1;
				MARKETING_VERSION = 1.0;
				PRODUCT_BUNDLE_IDENTIFIER = com.cengizhanozcan.EssentialFeedCacheIntegrationTests;
				PRODUCT_NAME = "$(TARGET_NAME)";
				SUPPORTED_PLATFORMS = "macosx iphoneos iphonesimulator";
				SWIFT_EMIT_LOC_STRINGS = NO;
				SWIFT_VERSION = 5.0;
			};
			name = Debug;
		};
		7547F048296B0CDF006C46F5 /* Release */ = {
			isa = XCBuildConfiguration;
			buildSettings = {
				CLANG_CXX_LANGUAGE_STANDARD = "gnu++20";
				CODE_SIGN_STYLE = Automatic;
				CURRENT_PROJECT_VERSION = 1;
				DEVELOPMENT_TEAM = 6G2XCUMYTS;
				GENERATE_INFOPLIST_FILE = YES;
				MACOSX_DEPLOYMENT_TARGET = 13.1;
				MARKETING_VERSION = 1.0;
				PRODUCT_BUNDLE_IDENTIFIER = com.cengizhanozcan.EssentialFeedCacheIntegrationTests;
				PRODUCT_NAME = "$(TARGET_NAME)";
				SUPPORTED_PLATFORMS = "macosx iphoneos iphonesimulator";
				SWIFT_EMIT_LOC_STRINGS = NO;
				SWIFT_VERSION = 5.0;
			};
			name = Release;
		};
		75737C7229731A5300C04ECD /* Debug */ = {
			isa = XCBuildConfiguration;
			buildSettings = {
				CLANG_CXX_LANGUAGE_STANDARD = "gnu++20";
				CLANG_ENABLE_MODULES = YES;
				CODE_SIGN_STYLE = Automatic;
				CURRENT_PROJECT_VERSION = 1;
				DEFINES_MODULE = YES;
				DEVELOPMENT_TEAM = 6G2XCUMYTS;
				DYLIB_COMPATIBILITY_VERSION = 1;
				DYLIB_CURRENT_VERSION = 1;
				DYLIB_INSTALL_NAME_BASE = "@rpath";
				GENERATE_INFOPLIST_FILE = YES;
				INFOPLIST_KEY_NSHumanReadableCopyright = "Copyright © 2023 Essential Developer. All rights reserved.";
				INSTALL_PATH = "$(LOCAL_LIBRARY_DIR)/Frameworks";
				IPHONEOS_DEPLOYMENT_TARGET = 16.2;
				LD_RUNPATH_SEARCH_PATHS = (
					"$(inherited)",
					"@executable_path/Frameworks",
					"@loader_path/Frameworks",
				);
				MARKETING_VERSION = 1.0;
				PRODUCT_BUNDLE_IDENTIFIER = com.cengizhanozcan.EssentialFeediOS;
				PRODUCT_NAME = "$(TARGET_NAME:c99extidentifier)";
				SDKROOT = iphoneos;
				SKIP_INSTALL = YES;
				SWIFT_EMIT_LOC_STRINGS = YES;
				SWIFT_OPTIMIZATION_LEVEL = "-Onone";
				SWIFT_VERSION = 5.0;
				TARGETED_DEVICE_FAMILY = "1,2";
			};
			name = Debug;
		};
		75737C7329731A5300C04ECD /* Release */ = {
			isa = XCBuildConfiguration;
			buildSettings = {
				CLANG_CXX_LANGUAGE_STANDARD = "gnu++20";
				CLANG_ENABLE_MODULES = YES;
				CODE_SIGN_STYLE = Automatic;
				CURRENT_PROJECT_VERSION = 1;
				DEFINES_MODULE = YES;
				DEVELOPMENT_TEAM = 6G2XCUMYTS;
				DYLIB_COMPATIBILITY_VERSION = 1;
				DYLIB_CURRENT_VERSION = 1;
				DYLIB_INSTALL_NAME_BASE = "@rpath";
				GENERATE_INFOPLIST_FILE = YES;
				INFOPLIST_KEY_NSHumanReadableCopyright = "Copyright © 2023 Essential Developer. All rights reserved.";
				INSTALL_PATH = "$(LOCAL_LIBRARY_DIR)/Frameworks";
				IPHONEOS_DEPLOYMENT_TARGET = 16.2;
				LD_RUNPATH_SEARCH_PATHS = (
					"$(inherited)",
					"@executable_path/Frameworks",
					"@loader_path/Frameworks",
				);
				MARKETING_VERSION = 1.0;
				PRODUCT_BUNDLE_IDENTIFIER = com.cengizhanozcan.EssentialFeediOS;
				PRODUCT_NAME = "$(TARGET_NAME:c99extidentifier)";
				SDKROOT = iphoneos;
				SKIP_INSTALL = YES;
				SWIFT_EMIT_LOC_STRINGS = YES;
				SWIFT_VERSION = 5.0;
				TARGETED_DEVICE_FAMILY = "1,2";
				VALIDATE_PRODUCT = YES;
			};
			name = Release;
		};
		75737C7529731A5300C04ECD /* Debug */ = {
			isa = XCBuildConfiguration;
			buildSettings = {
				ALWAYS_EMBED_SWIFT_STANDARD_LIBRARIES = YES;
				CLANG_CXX_LANGUAGE_STANDARD = "gnu++20";
				CLANG_ENABLE_MODULES = YES;
				CODE_SIGN_STYLE = Automatic;
				CURRENT_PROJECT_VERSION = 1;
				DEVELOPMENT_TEAM = 6G2XCUMYTS;
				GENERATE_INFOPLIST_FILE = YES;
				IPHONEOS_DEPLOYMENT_TARGET = 16.2;
				LD_RUNPATH_SEARCH_PATHS = (
					"$(inherited)",
					"@executable_path/Frameworks",
					"@loader_path/Frameworks",
				);
				MARKETING_VERSION = 1.0;
				PRODUCT_BUNDLE_IDENTIFIER = com.cengizhanozcan.EssentialFeediOSTests;
				PRODUCT_NAME = "$(TARGET_NAME)";
				SDKROOT = iphoneos;
				SWIFT_EMIT_LOC_STRINGS = NO;
				SWIFT_OPTIMIZATION_LEVEL = "-Onone";
				SWIFT_VERSION = 5.0;
				TARGETED_DEVICE_FAMILY = "1,2";
			};
			name = Debug;
		};
		75737C7629731A5300C04ECD /* Release */ = {
			isa = XCBuildConfiguration;
			buildSettings = {
				ALWAYS_EMBED_SWIFT_STANDARD_LIBRARIES = YES;
				CLANG_CXX_LANGUAGE_STANDARD = "gnu++20";
				CLANG_ENABLE_MODULES = YES;
				CODE_SIGN_STYLE = Automatic;
				CURRENT_PROJECT_VERSION = 1;
				DEVELOPMENT_TEAM = 6G2XCUMYTS;
				GENERATE_INFOPLIST_FILE = YES;
				IPHONEOS_DEPLOYMENT_TARGET = 16.2;
				LD_RUNPATH_SEARCH_PATHS = (
					"$(inherited)",
					"@executable_path/Frameworks",
					"@loader_path/Frameworks",
				);
				MARKETING_VERSION = 1.0;
				PRODUCT_BUNDLE_IDENTIFIER = com.cengizhanozcan.EssentialFeediOSTests;
				PRODUCT_NAME = "$(TARGET_NAME)";
				SDKROOT = iphoneos;
				SWIFT_EMIT_LOC_STRINGS = NO;
				SWIFT_VERSION = 5.0;
				TARGETED_DEVICE_FAMILY = "1,2";
				VALIDATE_PRODUCT = YES;
			};
			name = Release;
		};
		75D8397B294CDD9E00B7F6E6 /* Debug */ = {
			isa = XCBuildConfiguration;
			buildSettings = {
				CLANG_CXX_LANGUAGE_STANDARD = "gnu++17";
				CLANG_WARN_QUOTED_INCLUDE_IN_FRAMEWORK_HEADER = YES;
				CODE_SIGN_STYLE = Automatic;
				CURRENT_PROJECT_VERSION = 1;
				DEAD_CODE_STRIPPING = YES;
				DEVELOPMENT_TEAM = 6G2XCUMYTS;
				GENERATE_INFOPLIST_FILE = YES;
				MACOSX_DEPLOYMENT_TARGET = 12.0;
				MARKETING_VERSION = 1.0;
				PRODUCT_BUNDLE_IDENTIFIER = com.cengizhanozcan.EssentialFeedAPIEndToEndTests;
				PRODUCT_NAME = "$(TARGET_NAME)";
				SUPPORTED_PLATFORMS = "macosx iphoneos iphonesimulator";
				SWIFT_EMIT_LOC_STRINGS = NO;
				SWIFT_VERSION = 5.0;
			};
			name = Debug;
		};
		75D8397C294CDD9E00B7F6E6 /* Release */ = {
			isa = XCBuildConfiguration;
			buildSettings = {
				CLANG_CXX_LANGUAGE_STANDARD = "gnu++17";
				CLANG_WARN_QUOTED_INCLUDE_IN_FRAMEWORK_HEADER = YES;
				CODE_SIGN_STYLE = Automatic;
				CURRENT_PROJECT_VERSION = 1;
				DEAD_CODE_STRIPPING = YES;
				DEVELOPMENT_TEAM = 6G2XCUMYTS;
				GENERATE_INFOPLIST_FILE = YES;
				MACOSX_DEPLOYMENT_TARGET = 12.0;
				MARKETING_VERSION = 1.0;
				PRODUCT_BUNDLE_IDENTIFIER = com.cengizhanozcan.EssentialFeedAPIEndToEndTests;
				PRODUCT_NAME = "$(TARGET_NAME)";
				SUPPORTED_PLATFORMS = "macosx iphoneos iphonesimulator";
				SWIFT_EMIT_LOC_STRINGS = NO;
				SWIFT_VERSION = 5.0;
			};
			name = Release;
		};
/* End XCBuildConfiguration section */

/* Begin XCConfigurationList section */
		080EDEEB21B6DA7E00813479 /* Build configuration list for PBXProject "EssentialFeed" */ = {
			isa = XCConfigurationList;
			buildConfigurations = (
				080EDF0321B6DA7E00813479 /* Debug */,
				080EDF0421B6DA7E00813479 /* Release */,
			);
			defaultConfigurationIsVisible = 0;
			defaultConfigurationName = Release;
		};
		080EDF0521B6DA7E00813479 /* Build configuration list for PBXNativeTarget "EssentialFeed" */ = {
			isa = XCConfigurationList;
			buildConfigurations = (
				080EDF0621B6DA7E00813479 /* Debug */,
				080EDF0721B6DA7E00813479 /* Release */,
			);
			defaultConfigurationIsVisible = 0;
			defaultConfigurationName = Release;
		};
		080EDF0821B6DA7E00813479 /* Build configuration list for PBXNativeTarget "EssentialFeedTests" */ = {
			isa = XCConfigurationList;
			buildConfigurations = (
				080EDF0921B6DA7E00813479 /* Debug */,
				080EDF0A21B6DA7E00813479 /* Release */,
			);
			defaultConfigurationIsVisible = 0;
			defaultConfigurationName = Release;
		};
		7547F046296B0CDF006C46F5 /* Build configuration list for PBXNativeTarget "EssentialFeedCacheIntegrationTests" */ = {
			isa = XCConfigurationList;
			buildConfigurations = (
				7547F047296B0CDF006C46F5 /* Debug */,
				7547F048296B0CDF006C46F5 /* Release */,
			);
			defaultConfigurationIsVisible = 0;
			defaultConfigurationName = Release;
		};
		75737C7129731A5300C04ECD /* Build configuration list for PBXNativeTarget "EssentialFeediOS" */ = {
			isa = XCConfigurationList;
			buildConfigurations = (
				75737C7229731A5300C04ECD /* Debug */,
				75737C7329731A5300C04ECD /* Release */,
			);
			defaultConfigurationIsVisible = 0;
			defaultConfigurationName = Release;
		};
		75737C7429731A5300C04ECD /* Build configuration list for PBXNativeTarget "EssentialFeediOSTests" */ = {
			isa = XCConfigurationList;
			buildConfigurations = (
				75737C7529731A5300C04ECD /* Debug */,
				75737C7629731A5300C04ECD /* Release */,
			);
			defaultConfigurationIsVisible = 0;
			defaultConfigurationName = Release;
		};
		75D8397A294CDD9E00B7F6E6 /* Build configuration list for PBXNativeTarget "EssentialFeedAPIEndToEndTests" */ = {
			isa = XCConfigurationList;
			buildConfigurations = (
				75D8397B294CDD9E00B7F6E6 /* Debug */,
				75D8397C294CDD9E00B7F6E6 /* Release */,
			);
			defaultConfigurationIsVisible = 0;
			defaultConfigurationName = Release;
		};
/* End XCConfigurationList section */

/* Begin XCVersionGroup section */
		7547F058296B40BE006C46F5 /* FeedStore.xcdatamodeld */ = {
			isa = XCVersionGroup;
			children = (
				7547F059296B40BE006C46F5 /* CoreDataFeedStore.xcdatamodel */,
			);
			currentVersion = 7547F059296B40BE006C46F5 /* CoreDataFeedStore.xcdatamodel */;
			path = FeedStore.xcdatamodeld;
			sourceTree = "<group>";
			versionGroupType = wrapper.xcdatamodel;
		};
/* End XCVersionGroup section */
	};
	rootObject = 080EDEE821B6DA7E00813479 /* Project object */;
}
