// !$*UTF8*$!
{
	archiveVersion = 1;
	classes = {
	};
	objectVersion = 56;
	objects = {

/* Begin PBXBuildFile section */
		75302AE329ABAEA900E0623E /* AppDelegate.swift in Sources */ = {isa = PBXBuildFile; fileRef = 75302AE229ABAEA900E0623E /* AppDelegate.swift */; };
		75302AE529ABAEA900E0623E /* SceneDelegate.swift in Sources */ = {isa = PBXBuildFile; fileRef = 75302AE429ABAEA900E0623E /* SceneDelegate.swift */; };
		75302AEA29ABAEA900E0623E /* Main.storyboard in Resources */ = {isa = PBXBuildFile; fileRef = 75302AE829ABAEA900E0623E /* Main.storyboard */; };
		75302AEC29ABAEAA00E0623E /* Assets.xcassets in Resources */ = {isa = PBXBuildFile; fileRef = 75302AEB29ABAEAA00E0623E /* Assets.xcassets */; };
		75302AEF29ABAEAA00E0623E /* LaunchScreen.storyboard in Resources */ = {isa = PBXBuildFile; fileRef = 75302AED29ABAEAA00E0623E /* LaunchScreen.storyboard */; };
		75302B1529ABB20C00E0623E /* EssentialFeed.framework in Frameworks */ = {isa = PBXBuildFile; fileRef = 75302B1329ABB20C00E0623E /* EssentialFeed.framework */; };
		75302B1629ABB20C00E0623E /* EssentialFeed.framework in Embed Frameworks */ = {isa = PBXBuildFile; fileRef = 75302B1329ABB20C00E0623E /* EssentialFeed.framework */; settings = {ATTRIBUTES = (CodeSignOnCopy, RemoveHeadersOnCopy, ); }; };
		75302B1729ABB20C00E0623E /* EssentialFeediOS.framework in Frameworks */ = {isa = PBXBuildFile; fileRef = 75302B1429ABB20C00E0623E /* EssentialFeediOS.framework */; };
		75302B1829ABB20C00E0623E /* EssentialFeediOS.framework in Embed Frameworks */ = {isa = PBXBuildFile; fileRef = 75302B1429ABB20C00E0623E /* EssentialFeediOS.framework */; settings = {ATTRIBUTES = (CodeSignOnCopy, RemoveHeadersOnCopy, ); }; };
		75302B1B29ABB8BB00E0623E /* FeedLoaderWithFallbackCompositeTests.swift in Sources */ = {isa = PBXBuildFile; fileRef = 75302B1A29ABB8BB00E0623E /* FeedLoaderWithFallbackCompositeTests.swift */; };
		75302B1D29ABC41900E0623E /* FeedLoaderWithFallbackComposite.swift in Sources */ = {isa = PBXBuildFile; fileRef = 75302B1C29ABC41900E0623E /* FeedLoaderWithFallbackComposite.swift */; };
		75302B1F29ABC4A300E0623E /* FeedImageDataLoaderWithFallbackCompositeTests.swift in Sources */ = {isa = PBXBuildFile; fileRef = 75302B1E29ABC4A300E0623E /* FeedImageDataLoaderWithFallbackCompositeTests.swift */; };
		7555996529BCCC9A00CF1FC4 /* EssentialFeedAPI.framework in Frameworks */ = {isa = PBXBuildFile; fileRef = 7555996429BCCC9A00CF1FC4 /* EssentialFeedAPI.framework */; };
		7555996629BCCC9A00CF1FC4 /* EssentialFeedAPI.framework in Embed Frameworks */ = {isa = PBXBuildFile; fileRef = 7555996429BCCC9A00CF1FC4 /* EssentialFeedAPI.framework */; settings = {ATTRIBUTES = (CodeSignOnCopy, RemoveHeadersOnCopy, ); }; };
		755599A729BCCF3700CF1FC4 /* EssentialFeedCache.framework in Frameworks */ = {isa = PBXBuildFile; fileRef = 755599A629BCCF3700CF1FC4 /* EssentialFeedCache.framework */; };
		755599A829BCCF3700CF1FC4 /* EssentialFeedCache.framework in Embed Frameworks */ = {isa = PBXBuildFile; fileRef = 755599A629BCCF3700CF1FC4 /* EssentialFeedCache.framework */; settings = {ATTRIBUTES = (CodeSignOnCopy, RemoveHeadersOnCopy, ); }; };
		75559A1B29BCD90F00CF1FC4 /* EssentialFeedAPIInfrastructure.framework in Frameworks */ = {isa = PBXBuildFile; fileRef = 75559A1A29BCD90F00CF1FC4 /* EssentialFeedAPIInfrastructure.framework */; };
		75559A1C29BCD90F00CF1FC4 /* EssentialFeedAPIInfrastructure.framework in Embed Frameworks */ = {isa = PBXBuildFile; fileRef = 75559A1A29BCD90F00CF1FC4 /* EssentialFeedAPIInfrastructure.framework */; settings = {ATTRIBUTES = (CodeSignOnCopy, RemoveHeadersOnCopy, ); }; };
		7561D45829AE5A8D00D2C78A /* FeedImageDataLoaderWithFallbackComposite.swift in Sources */ = {isa = PBXBuildFile; fileRef = 7561D45729AE5A8D00D2C78A /* FeedImageDataLoaderWithFallbackComposite.swift */; };
		7561D45B29AE5B1E00D2C78A /* XCTestCase+MemoryLeak.swift in Sources */ = {isa = PBXBuildFile; fileRef = 7561D45A29AE5B1E00D2C78A /* XCTestCase+MemoryLeak.swift */; };
		7561D45D29AE5B6400D2C78A /* SharedTestHelpers.swift in Sources */ = {isa = PBXBuildFile; fileRef = 7561D45C29AE5B6400D2C78A /* SharedTestHelpers.swift */; };
		7561D45F29AE634300D2C78A /* FeedLoaderCacheDecoratorTests.swift in Sources */ = {isa = PBXBuildFile; fileRef = 7561D45E29AE634300D2C78A /* FeedLoaderCacheDecoratorTests.swift */; };
		7561D46129AE64CC00D2C78A /* FeedLoaderStub.swift in Sources */ = {isa = PBXBuildFile; fileRef = 7561D46029AE64CC00D2C78A /* FeedLoaderStub.swift */; };
		7561D46329AE65A800D2C78A /* XCTestCase+FeedLoader.swift in Sources */ = {isa = PBXBuildFile; fileRef = 7561D46229AE65A800D2C78A /* XCTestCase+FeedLoader.swift */; };
		7561D46729B3688D00D2C78A /* FeedLoaderCacheDecorator.swift in Sources */ = {isa = PBXBuildFile; fileRef = 7561D46629B3688D00D2C78A /* FeedLoaderCacheDecorator.swift */; };
		7561D46929B36CC800D2C78A /* FeedImageDataCacheDecoratorTests.swift in Sources */ = {isa = PBXBuildFile; fileRef = 7561D46829B36CC800D2C78A /* FeedImageDataCacheDecoratorTests.swift */; };
		7561D46B29B3A88900D2C78A /* FeedImageDataLoaderSpy.swift in Sources */ = {isa = PBXBuildFile; fileRef = 7561D46A29B3A88900D2C78A /* FeedImageDataLoaderSpy.swift */; };
		7561D46D29B3A93B00D2C78A /* XCTestCase+FeedImageDataLoader.swift in Sources */ = {isa = PBXBuildFile; fileRef = 7561D46C29B3A93B00D2C78A /* XCTestCase+FeedImageDataLoader.swift */; };
		7561D47129B3AFEC00D2C78A /* FeedImageDataCacheDecorator.swift in Sources */ = {isa = PBXBuildFile; fileRef = 7561D47029B3AFEC00D2C78A /* FeedImageDataCacheDecorator.swift */; };
		7561D47929B3CD4100D2C78A /* EssentialAppUIAcceptanceTests.swift in Sources */ = {isa = PBXBuildFile; fileRef = 7561D47829B3CD4100D2C78A /* EssentialAppUIAcceptanceTests.swift */; };
		7561D48229B3E61600D2C78A /* DebuggingSceneDelegate.swift in Sources */ = {isa = PBXBuildFile; fileRef = 7561D48129B3E61600D2C78A /* DebuggingSceneDelegate.swift */; };
		7561D48429B7A0DA00D2C78A /* SceneDelegateTests.swift in Sources */ = {isa = PBXBuildFile; fileRef = 7561D48329B7A0DA00D2C78A /* SceneDelegateTests.swift */; };
		7561D49529B7A5E700D2C78A /* FeedUIIntegrationTests+Assertions.swift in Sources */ = {isa = PBXBuildFile; fileRef = 7561D48D29B7A5E600D2C78A /* FeedUIIntegrationTests+Assertions.swift */; };
		7561D49629B7A5E700D2C78A /* FeedViewController+TestHelpers.swift in Sources */ = {isa = PBXBuildFile; fileRef = 7561D49329B7A5E700D2C78A /* FeedViewController+TestHelpers.swift */; };
		7561D49729B7A5E700D2C78A /* UIRefreshControl+TestHelpers.swift in Sources */ = {isa = PBXBuildFile; fileRef = 7561D48C29B7A5E600D2C78A /* UIRefreshControl+TestHelpers.swift */; };
		7561D49829B7A5E700D2C78A /* UIButton+TestHelpers.swift in Sources */ = {isa = PBXBuildFile; fileRef = 7561D48E29B7A5E600D2C78A /* UIButton+TestHelpers.swift */; };
		7561D49929B7A5E700D2C78A /* UIControl+TestHelpers.swift in Sources */ = {isa = PBXBuildFile; fileRef = 7561D49429B7A5E700D2C78A /* UIControl+TestHelpers.swift */; };
		7561D49A29B7A5E700D2C78A /* FeedImageCell+TestHelpers.swift in Sources */ = {isa = PBXBuildFile; fileRef = 7561D49129B7A5E700D2C78A /* FeedImageCell+TestHelpers.swift */; };
		7561D49B29B7A5E700D2C78A /* UIImage+TestHelpers.swift in Sources */ = {isa = PBXBuildFile; fileRef = 7561D49229B7A5E700D2C78A /* UIImage+TestHelpers.swift */; };
		7561D49C29B7A5E700D2C78A /* FeedUIIntegrationTests+Localization.swift in Sources */ = {isa = PBXBuildFile; fileRef = 7561D49029B7A5E600D2C78A /* FeedUIIntegrationTests+Localization.swift */; };
		7561D49D29B7A5E700D2C78A /* FeedUIIntegrationTests+LoaderSpy.swift in Sources */ = {isa = PBXBuildFile; fileRef = 7561D48F29B7A5E600D2C78A /* FeedUIIntegrationTests+LoaderSpy.swift */; };
		7561D49E29B7A62400D2C78A /* FeedUIComposer.swift in Sources */ = {isa = PBXBuildFile; fileRef = 7561D48529B7A5BD00D2C78A /* FeedUIComposer.swift */; };
		7561D49F29B7A62700D2C78A /* MainQueueDispatchDecorator.swift in Sources */ = {isa = PBXBuildFile; fileRef = 7561D48629B7A5BD00D2C78A /* MainQueueDispatchDecorator.swift */; };
		7561D4A029B7A62900D2C78A /* WeakRefVirtualProxy.swift in Sources */ = {isa = PBXBuildFile; fileRef = 7561D48729B7A5BD00D2C78A /* WeakRefVirtualProxy.swift */; };
		7561D4A129B7A62C00D2C78A /* FeedViewAdapter.swift in Sources */ = {isa = PBXBuildFile; fileRef = 7561D48829B7A5BD00D2C78A /* FeedViewAdapter.swift */; };
		7561D4A229B7A62E00D2C78A /* FeedLoaderPresentationAdapter.swift in Sources */ = {isa = PBXBuildFile; fileRef = 7561D48929B7A5BD00D2C78A /* FeedLoaderPresentationAdapter.swift */; };
		7561D4A329B7A63000D2C78A /* FeedImageDataLoaderPresentationAdapter.swift in Sources */ = {isa = PBXBuildFile; fileRef = 7561D48A29B7A5BD00D2C78A /* FeedImageDataLoaderPresentationAdapter.swift */; };
		7561D4A529B7BEB200D2C78A /* FeedUIIntegrationTests.swift in Sources */ = {isa = PBXBuildFile; fileRef = 7561D4A429B7BEB200D2C78A /* FeedUIIntegrationTests.swift */; };
		7561D4A729B7D95000D2C78A /* FeedAcceptenceTests.swift in Sources */ = {isa = PBXBuildFile; fileRef = 7561D4A629B7D95000D2C78A /* FeedAcceptenceTests.swift */; };
/* End PBXBuildFile section */

/* Begin PBXContainerItemProxy section */
		75302AF629ABAEAA00E0623E /* PBXContainerItemProxy */ = {
			isa = PBXContainerItemProxy;
			containerPortal = 75302AD729ABAEA900E0623E /* Project object */;
			proxyType = 1;
			remoteGlobalIDString = 75302ADE29ABAEA900E0623E;
			remoteInfo = EssentialApp;
		};
		7561D47C29B3CD4100D2C78A /* PBXContainerItemProxy */ = {
			isa = PBXContainerItemProxy;
			containerPortal = 75302AD729ABAEA900E0623E /* Project object */;
			proxyType = 1;
			remoteGlobalIDString = 75302ADE29ABAEA900E0623E;
			remoteInfo = EssentialApp;
		};
/* End PBXContainerItemProxy section */

/* Begin PBXCopyFilesBuildPhase section */
		75302B1929ABB20C00E0623E /* Embed Frameworks */ = {
			isa = PBXCopyFilesBuildPhase;
			buildActionMask = 2147483647;
			dstPath = "";
			dstSubfolderSpec = 10;
			files = (
				755599A829BCCF3700CF1FC4 /* EssentialFeedCache.framework in Embed Frameworks */,
				7555996629BCCC9A00CF1FC4 /* EssentialFeedAPI.framework in Embed Frameworks */,
				75559A1C29BCD90F00CF1FC4 /* EssentialFeedAPIInfrastructure.framework in Embed Frameworks */,
				75302B1629ABB20C00E0623E /* EssentialFeed.framework in Embed Frameworks */,
				75302B1829ABB20C00E0623E /* EssentialFeediOS.framework in Embed Frameworks */,
			);
			name = "Embed Frameworks";
			runOnlyForDeploymentPostprocessing = 0;
		};
/* End PBXCopyFilesBuildPhase section */

/* Begin PBXFileReference section */
		75302ADF29ABAEA900E0623E /* EssentialApp.app */ = {isa = PBXFileReference; explicitFileType = wrapper.application; includeInIndex = 0; path = EssentialApp.app; sourceTree = BUILT_PRODUCTS_DIR; };
		75302AE229ABAEA900E0623E /* AppDelegate.swift */ = {isa = PBXFileReference; lastKnownFileType = sourcecode.swift; path = AppDelegate.swift; sourceTree = "<group>"; };
		75302AE429ABAEA900E0623E /* SceneDelegate.swift */ = {isa = PBXFileReference; lastKnownFileType = sourcecode.swift; path = SceneDelegate.swift; sourceTree = "<group>"; };
		75302AE929ABAEA900E0623E /* Base */ = {isa = PBXFileReference; lastKnownFileType = file.storyboard; name = Base; path = Base.lproj/Main.storyboard; sourceTree = "<group>"; };
		75302AEB29ABAEAA00E0623E /* Assets.xcassets */ = {isa = PBXFileReference; lastKnownFileType = folder.assetcatalog; path = Assets.xcassets; sourceTree = "<group>"; };
		75302AEE29ABAEAA00E0623E /* Base */ = {isa = PBXFileReference; lastKnownFileType = file.storyboard; name = Base; path = Base.lproj/LaunchScreen.storyboard; sourceTree = "<group>"; };
		75302AF029ABAEAA00E0623E /* Info.plist */ = {isa = PBXFileReference; lastKnownFileType = text.plist.xml; path = Info.plist; sourceTree = "<group>"; };
		75302AF529ABAEAA00E0623E /* EssentialAppTests.xctest */ = {isa = PBXFileReference; explicitFileType = wrapper.cfbundle; includeInIndex = 0; path = EssentialAppTests.xctest; sourceTree = BUILT_PRODUCTS_DIR; };
		75302B1329ABB20C00E0623E /* EssentialFeed.framework */ = {isa = PBXFileReference; explicitFileType = wrapper.framework; path = EssentialFeed.framework; sourceTree = BUILT_PRODUCTS_DIR; };
		75302B1429ABB20C00E0623E /* EssentialFeediOS.framework */ = {isa = PBXFileReference; explicitFileType = wrapper.framework; path = EssentialFeediOS.framework; sourceTree = BUILT_PRODUCTS_DIR; };
		75302B1A29ABB8BB00E0623E /* FeedLoaderWithFallbackCompositeTests.swift */ = {isa = PBXFileReference; lastKnownFileType = sourcecode.swift; path = FeedLoaderWithFallbackCompositeTests.swift; sourceTree = "<group>"; };
		75302B1C29ABC41900E0623E /* FeedLoaderWithFallbackComposite.swift */ = {isa = PBXFileReference; lastKnownFileType = sourcecode.swift; path = FeedLoaderWithFallbackComposite.swift; sourceTree = "<group>"; };
		75302B1E29ABC4A300E0623E /* FeedImageDataLoaderWithFallbackCompositeTests.swift */ = {isa = PBXFileReference; lastKnownFileType = sourcecode.swift; path = FeedImageDataLoaderWithFallbackCompositeTests.swift; sourceTree = "<group>"; };
		7555996429BCCC9A00CF1FC4 /* EssentialFeedAPI.framework */ = {isa = PBXFileReference; explicitFileType = wrapper.framework; path = EssentialFeedAPI.framework; sourceTree = BUILT_PRODUCTS_DIR; };
		755599A629BCCF3700CF1FC4 /* EssentialFeedCache.framework */ = {isa = PBXFileReference; explicitFileType = wrapper.framework; path = EssentialFeedCache.framework; sourceTree = BUILT_PRODUCTS_DIR; };
		75559A1729BCD84C00CF1FC4 /* EssentialFeedAPIInfrastructure.framework */ = {isa = PBXFileReference; explicitFileType = wrapper.framework; path = EssentialFeedAPIInfrastructure.framework; sourceTree = BUILT_PRODUCTS_DIR; };
		75559A1A29BCD90F00CF1FC4 /* EssentialFeedAPIInfrastructure.framework */ = {isa = PBXFileReference; explicitFileType = wrapper.framework; path = EssentialFeedAPIInfrastructure.framework; sourceTree = BUILT_PRODUCTS_DIR; };
		7561D45729AE5A8D00D2C78A /* FeedImageDataLoaderWithFallbackComposite.swift */ = {isa = PBXFileReference; lastKnownFileType = sourcecode.swift; path = FeedImageDataLoaderWithFallbackComposite.swift; sourceTree = "<group>"; };
		7561D45A29AE5B1E00D2C78A /* XCTestCase+MemoryLeak.swift */ = {isa = PBXFileReference; lastKnownFileType = sourcecode.swift; path = "XCTestCase+MemoryLeak.swift"; sourceTree = "<group>"; };
		7561D45C29AE5B6400D2C78A /* SharedTestHelpers.swift */ = {isa = PBXFileReference; lastKnownFileType = sourcecode.swift; path = SharedTestHelpers.swift; sourceTree = "<group>"; };
		7561D45E29AE634300D2C78A /* FeedLoaderCacheDecoratorTests.swift */ = {isa = PBXFileReference; lastKnownFileType = sourcecode.swift; path = FeedLoaderCacheDecoratorTests.swift; sourceTree = "<group>"; };
		7561D46029AE64CC00D2C78A /* FeedLoaderStub.swift */ = {isa = PBXFileReference; lastKnownFileType = sourcecode.swift; path = FeedLoaderStub.swift; sourceTree = "<group>"; };
		7561D46229AE65A800D2C78A /* XCTestCase+FeedLoader.swift */ = {isa = PBXFileReference; lastKnownFileType = sourcecode.swift; path = "XCTestCase+FeedLoader.swift"; sourceTree = "<group>"; };
		7561D46629B3688D00D2C78A /* FeedLoaderCacheDecorator.swift */ = {isa = PBXFileReference; lastKnownFileType = sourcecode.swift; path = FeedLoaderCacheDecorator.swift; sourceTree = "<group>"; };
		7561D46829B36CC800D2C78A /* FeedImageDataCacheDecoratorTests.swift */ = {isa = PBXFileReference; lastKnownFileType = sourcecode.swift; path = FeedImageDataCacheDecoratorTests.swift; sourceTree = "<group>"; };
		7561D46A29B3A88900D2C78A /* FeedImageDataLoaderSpy.swift */ = {isa = PBXFileReference; lastKnownFileType = sourcecode.swift; path = FeedImageDataLoaderSpy.swift; sourceTree = "<group>"; };
		7561D46C29B3A93B00D2C78A /* XCTestCase+FeedImageDataLoader.swift */ = {isa = PBXFileReference; lastKnownFileType = sourcecode.swift; path = "XCTestCase+FeedImageDataLoader.swift"; sourceTree = "<group>"; };
		7561D47029B3AFEC00D2C78A /* FeedImageDataCacheDecorator.swift */ = {isa = PBXFileReference; lastKnownFileType = sourcecode.swift; path = FeedImageDataCacheDecorator.swift; sourceTree = "<group>"; };
		7561D47629B3CD4100D2C78A /* EssentialAppUIAcceptanceTests.xctest */ = {isa = PBXFileReference; explicitFileType = wrapper.cfbundle; includeInIndex = 0; path = EssentialAppUIAcceptanceTests.xctest; sourceTree = BUILT_PRODUCTS_DIR; };
		7561D47829B3CD4100D2C78A /* EssentialAppUIAcceptanceTests.swift */ = {isa = PBXFileReference; lastKnownFileType = sourcecode.swift; path = EssentialAppUIAcceptanceTests.swift; sourceTree = "<group>"; };
		7561D48129B3E61600D2C78A /* DebuggingSceneDelegate.swift */ = {isa = PBXFileReference; lastKnownFileType = sourcecode.swift; path = DebuggingSceneDelegate.swift; sourceTree = "<group>"; };
		7561D48329B7A0DA00D2C78A /* SceneDelegateTests.swift */ = {isa = PBXFileReference; lastKnownFileType = sourcecode.swift; path = SceneDelegateTests.swift; sourceTree = "<group>"; };
		7561D48529B7A5BD00D2C78A /* FeedUIComposer.swift */ = {isa = PBXFileReference; lastKnownFileType = sourcecode.swift; path = FeedUIComposer.swift; sourceTree = "<group>"; };
		7561D48629B7A5BD00D2C78A /* MainQueueDispatchDecorator.swift */ = {isa = PBXFileReference; lastKnownFileType = sourcecode.swift; path = MainQueueDispatchDecorator.swift; sourceTree = "<group>"; };
		7561D48729B7A5BD00D2C78A /* WeakRefVirtualProxy.swift */ = {isa = PBXFileReference; lastKnownFileType = sourcecode.swift; path = WeakRefVirtualProxy.swift; sourceTree = "<group>"; };
		7561D48829B7A5BD00D2C78A /* FeedViewAdapter.swift */ = {isa = PBXFileReference; lastKnownFileType = sourcecode.swift; path = FeedViewAdapter.swift; sourceTree = "<group>"; };
		7561D48929B7A5BD00D2C78A /* FeedLoaderPresentationAdapter.swift */ = {isa = PBXFileReference; lastKnownFileType = sourcecode.swift; path = FeedLoaderPresentationAdapter.swift; sourceTree = "<group>"; };
		7561D48A29B7A5BD00D2C78A /* FeedImageDataLoaderPresentationAdapter.swift */ = {isa = PBXFileReference; lastKnownFileType = sourcecode.swift; path = FeedImageDataLoaderPresentationAdapter.swift; sourceTree = "<group>"; };
		7561D48C29B7A5E600D2C78A /* UIRefreshControl+TestHelpers.swift */ = {isa = PBXFileReference; lastKnownFileType = sourcecode.swift; path = "UIRefreshControl+TestHelpers.swift"; sourceTree = "<group>"; };
		7561D48D29B7A5E600D2C78A /* FeedUIIntegrationTests+Assertions.swift */ = {isa = PBXFileReference; lastKnownFileType = sourcecode.swift; path = "FeedUIIntegrationTests+Assertions.swift"; sourceTree = "<group>"; };
		7561D48E29B7A5E600D2C78A /* UIButton+TestHelpers.swift */ = {isa = PBXFileReference; lastKnownFileType = sourcecode.swift; path = "UIButton+TestHelpers.swift"; sourceTree = "<group>"; };
		7561D48F29B7A5E600D2C78A /* FeedUIIntegrationTests+LoaderSpy.swift */ = {isa = PBXFileReference; lastKnownFileType = sourcecode.swift; path = "FeedUIIntegrationTests+LoaderSpy.swift"; sourceTree = "<group>"; };
		7561D49029B7A5E600D2C78A /* FeedUIIntegrationTests+Localization.swift */ = {isa = PBXFileReference; lastKnownFileType = sourcecode.swift; path = "FeedUIIntegrationTests+Localization.swift"; sourceTree = "<group>"; };
		7561D49129B7A5E700D2C78A /* FeedImageCell+TestHelpers.swift */ = {isa = PBXFileReference; lastKnownFileType = sourcecode.swift; path = "FeedImageCell+TestHelpers.swift"; sourceTree = "<group>"; };
		7561D49229B7A5E700D2C78A /* UIImage+TestHelpers.swift */ = {isa = PBXFileReference; lastKnownFileType = sourcecode.swift; path = "UIImage+TestHelpers.swift"; sourceTree = "<group>"; };
		7561D49329B7A5E700D2C78A /* FeedViewController+TestHelpers.swift */ = {isa = PBXFileReference; lastKnownFileType = sourcecode.swift; path = "FeedViewController+TestHelpers.swift"; sourceTree = "<group>"; };
		7561D49429B7A5E700D2C78A /* UIControl+TestHelpers.swift */ = {isa = PBXFileReference; lastKnownFileType = sourcecode.swift; path = "UIControl+TestHelpers.swift"; sourceTree = "<group>"; };
		7561D4A429B7BEB200D2C78A /* FeedUIIntegrationTests.swift */ = {isa = PBXFileReference; lastKnownFileType = sourcecode.swift; path = FeedUIIntegrationTests.swift; sourceTree = "<group>"; };
		7561D4A629B7D95000D2C78A /* FeedAcceptenceTests.swift */ = {isa = PBXFileReference; lastKnownFileType = sourcecode.swift; path = FeedAcceptenceTests.swift; sourceTree = "<group>"; };
/* End PBXFileReference section */

/* Begin PBXFrameworksBuildPhase section */
		75302ADC29ABAEA900E0623E /* Frameworks */ = {
			isa = PBXFrameworksBuildPhase;
			buildActionMask = 2147483647;
			files = (
				755599A729BCCF3700CF1FC4 /* EssentialFeedCache.framework in Frameworks */,
				7555996529BCCC9A00CF1FC4 /* EssentialFeedAPI.framework in Frameworks */,
				75559A1B29BCD90F00CF1FC4 /* EssentialFeedAPIInfrastructure.framework in Frameworks */,
				75302B1529ABB20C00E0623E /* EssentialFeed.framework in Frameworks */,
				75302B1729ABB20C00E0623E /* EssentialFeediOS.framework in Frameworks */,
			);
			runOnlyForDeploymentPostprocessing = 0;
		};
		75302AF229ABAEAA00E0623E /* Frameworks */ = {
			isa = PBXFrameworksBuildPhase;
			buildActionMask = 2147483647;
			files = (
			);
			runOnlyForDeploymentPostprocessing = 0;
		};
		7561D47329B3CD4100D2C78A /* Frameworks */ = {
			isa = PBXFrameworksBuildPhase;
			buildActionMask = 2147483647;
			files = (
			);
			runOnlyForDeploymentPostprocessing = 0;
		};
/* End PBXFrameworksBuildPhase section */

/* Begin PBXGroup section */
		75302AD629ABAEA900E0623E = {
			isa = PBXGroup;
			children = (
				75302AE129ABAEA900E0623E /* EssentialApp */,
				75302AF829ABAEAA00E0623E /* EssentialAppTests */,
				7561D47729B3CD4100D2C78A /* EssentialAppUIAcceptanceTests */,
				75302AE029ABAEA900E0623E /* Products */,
				75302B1229ABB20C00E0623E /* Frameworks */,
			);
			sourceTree = "<group>";
		};
		75302AE029ABAEA900E0623E /* Products */ = {
			isa = PBXGroup;
			children = (
				75302ADF29ABAEA900E0623E /* EssentialApp.app */,
				75302AF529ABAEAA00E0623E /* EssentialAppTests.xctest */,
				7561D47629B3CD4100D2C78A /* EssentialAppUIAcceptanceTests.xctest */,
			);
			name = Products;
			sourceTree = "<group>";
		};
		75302AE129ABAEA900E0623E /* EssentialApp */ = {
			isa = PBXGroup;
			children = (
				75302AE229ABAEA900E0623E /* AppDelegate.swift */,
				75302AE429ABAEA900E0623E /* SceneDelegate.swift */,
				7561D48129B3E61600D2C78A /* DebuggingSceneDelegate.swift */,
				7561D48B29B7A5BD00D2C78A /* Composers */,
				75302B1C29ABC41900E0623E /* FeedLoaderWithFallbackComposite.swift */,
				7561D45729AE5A8D00D2C78A /* FeedImageDataLoaderWithFallbackComposite.swift */,
				7561D46629B3688D00D2C78A /* FeedLoaderCacheDecorator.swift */,
				7561D47029B3AFEC00D2C78A /* FeedImageDataCacheDecorator.swift */,
				75302AE829ABAEA900E0623E /* Main.storyboard */,
				75302AEB29ABAEAA00E0623E /* Assets.xcassets */,
				75302AED29ABAEAA00E0623E /* LaunchScreen.storyboard */,
				75302AF029ABAEAA00E0623E /* Info.plist */,
			);
			path = EssentialApp;
			sourceTree = "<group>";
		};
		75302AF829ABAEAA00E0623E /* EssentialAppTests */ = {
			isa = PBXGroup;
			children = (
				7561D45929AE5B0900D2C78A /* Helpers */,
				75302B1A29ABB8BB00E0623E /* FeedLoaderWithFallbackCompositeTests.swift */,
				75302B1E29ABC4A300E0623E /* FeedImageDataLoaderWithFallbackCompositeTests.swift */,
				7561D45E29AE634300D2C78A /* FeedLoaderCacheDecoratorTests.swift */,
				7561D46829B36CC800D2C78A /* FeedImageDataCacheDecoratorTests.swift */,
				7561D4A429B7BEB200D2C78A /* FeedUIIntegrationTests.swift */,
				7561D48329B7A0DA00D2C78A /* SceneDelegateTests.swift */,
				7561D4A629B7D95000D2C78A /* FeedAcceptenceTests.swift */,
			);
			path = EssentialAppTests;
			sourceTree = "<group>";
		};
		75302B1229ABB20C00E0623E /* Frameworks */ = {
			isa = PBXGroup;
			children = (
				75559A1A29BCD90F00CF1FC4 /* EssentialFeedAPIInfrastructure.framework */,
				75559A1729BCD84C00CF1FC4 /* EssentialFeedAPIInfrastructure.framework */,
				755599A629BCCF3700CF1FC4 /* EssentialFeedCache.framework */,
				7555996429BCCC9A00CF1FC4 /* EssentialFeedAPI.framework */,
				75302B1329ABB20C00E0623E /* EssentialFeed.framework */,
				75302B1429ABB20C00E0623E /* EssentialFeediOS.framework */,
			);
			name = Frameworks;
			sourceTree = "<group>";
		};
		7561D45929AE5B0900D2C78A /* Helpers */ = {
			isa = PBXGroup;
			children = (
				7561D45A29AE5B1E00D2C78A /* XCTestCase+MemoryLeak.swift */,
				7561D46229AE65A800D2C78A /* XCTestCase+FeedLoader.swift */,
				7561D46C29B3A93B00D2C78A /* XCTestCase+FeedImageDataLoader.swift */,
				7561D46A29B3A88900D2C78A /* FeedImageDataLoaderSpy.swift */,
				7561D45C29AE5B6400D2C78A /* SharedTestHelpers.swift */,
				7561D46029AE64CC00D2C78A /* FeedLoaderStub.swift */,
				7561D49029B7A5E600D2C78A /* FeedUIIntegrationTests+Localization.swift */,
				7561D48D29B7A5E600D2C78A /* FeedUIIntegrationTests+Assertions.swift */,
				7561D48F29B7A5E600D2C78A /* FeedUIIntegrationTests+LoaderSpy.swift */,
				7561D49329B7A5E700D2C78A /* FeedViewController+TestHelpers.swift */,
				7561D49129B7A5E700D2C78A /* FeedImageCell+TestHelpers.swift */,
				7561D48E29B7A5E600D2C78A /* UIButton+TestHelpers.swift */,
				7561D49429B7A5E700D2C78A /* UIControl+TestHelpers.swift */,
				7561D49229B7A5E700D2C78A /* UIImage+TestHelpers.swift */,
				7561D48C29B7A5E600D2C78A /* UIRefreshControl+TestHelpers.swift */,
			);
			path = Helpers;
			sourceTree = "<group>";
		};
		7561D47729B3CD4100D2C78A /* EssentialAppUIAcceptanceTests */ = {
			isa = PBXGroup;
			children = (
				7561D47829B3CD4100D2C78A /* EssentialAppUIAcceptanceTests.swift */,
			);
			path = EssentialAppUIAcceptanceTests;
			sourceTree = "<group>";
		};
		7561D48B29B7A5BD00D2C78A /* Composers */ = {
			isa = PBXGroup;
			children = (
				7561D48529B7A5BD00D2C78A /* FeedUIComposer.swift */,
				7561D48629B7A5BD00D2C78A /* MainQueueDispatchDecorator.swift */,
				7561D48729B7A5BD00D2C78A /* WeakRefVirtualProxy.swift */,
				7561D48829B7A5BD00D2C78A /* FeedViewAdapter.swift */,
				7561D48929B7A5BD00D2C78A /* FeedLoaderPresentationAdapter.swift */,
				7561D48A29B7A5BD00D2C78A /* FeedImageDataLoaderPresentationAdapter.swift */,
			);
			path = Composers;
			sourceTree = "<group>";
		};
/* End PBXGroup section */

/* Begin PBXNativeTarget section */
		75302ADE29ABAEA900E0623E /* EssentialApp */ = {
			isa = PBXNativeTarget;
			buildConfigurationList = 75302B0929ABAEAA00E0623E /* Build configuration list for PBXNativeTarget "EssentialApp" */;
			buildPhases = (
				75302ADB29ABAEA900E0623E /* Sources */,
				75302ADC29ABAEA900E0623E /* Frameworks */,
				75302ADD29ABAEA900E0623E /* Resources */,
				75302B1929ABB20C00E0623E /* Embed Frameworks */,
			);
			buildRules = (
			);
			dependencies = (
			);
			name = EssentialApp;
			productName = EssentialApp;
			productReference = 75302ADF29ABAEA900E0623E /* EssentialApp.app */;
			productType = "com.apple.product-type.application";
		};
		75302AF429ABAEAA00E0623E /* EssentialAppTests */ = {
			isa = PBXNativeTarget;
			buildConfigurationList = 75302B0C29ABAEAA00E0623E /* Build configuration list for PBXNativeTarget "EssentialAppTests" */;
			buildPhases = (
				75302AF129ABAEAA00E0623E /* Sources */,
				75302AF229ABAEAA00E0623E /* Frameworks */,
				75302AF329ABAEAA00E0623E /* Resources */,
			);
			buildRules = (
			);
			dependencies = (
				75302AF729ABAEAA00E0623E /* PBXTargetDependency */,
			);
			name = EssentialAppTests;
			productName = EssentialAppTests;
			productReference = 75302AF529ABAEAA00E0623E /* EssentialAppTests.xctest */;
			productType = "com.apple.product-type.bundle.unit-test";
		};
		7561D47529B3CD4100D2C78A /* EssentialAppUIAcceptanceTests */ = {
			isa = PBXNativeTarget;
			buildConfigurationList = 7561D47E29B3CD4100D2C78A /* Build configuration list for PBXNativeTarget "EssentialAppUIAcceptanceTests" */;
			buildPhases = (
				7561D47229B3CD4100D2C78A /* Sources */,
				7561D47329B3CD4100D2C78A /* Frameworks */,
				7561D47429B3CD4100D2C78A /* Resources */,
			);
			buildRules = (
			);
			dependencies = (
				7561D47D29B3CD4100D2C78A /* PBXTargetDependency */,
			);
			name = EssentialAppUIAcceptanceTests;
			productName = EssentialAppUIAcceptanceTests;
			productReference = 7561D47629B3CD4100D2C78A /* EssentialAppUIAcceptanceTests.xctest */;
			productType = "com.apple.product-type.bundle.ui-testing";
		};
/* End PBXNativeTarget section */

/* Begin PBXProject section */
		75302AD729ABAEA900E0623E /* Project object */ = {
			isa = PBXProject;
			attributes = {
				BuildIndependentTargetsInParallel = 1;
				LastSwiftUpdateCheck = 1420;
				LastUpgradeCheck = 1420;
				TargetAttributes = {
					75302ADE29ABAEA900E0623E = {
						CreatedOnToolsVersion = 14.2;
					};
					75302AF429ABAEAA00E0623E = {
						CreatedOnToolsVersion = 14.2;
						LastSwiftMigration = 1420;
						TestTargetID = 75302ADE29ABAEA900E0623E;
					};
					7561D47529B3CD4100D2C78A = {
						CreatedOnToolsVersion = 14.2;
						TestTargetID = 75302ADE29ABAEA900E0623E;
					};
				};
			};
			buildConfigurationList = 75302ADA29ABAEA900E0623E /* Build configuration list for PBXProject "EssentialApp" */;
			compatibilityVersion = "Xcode 14.0";
			developmentRegion = en;
			hasScannedForEncodings = 0;
			knownRegions = (
				en,
				Base,
			);
			mainGroup = 75302AD629ABAEA900E0623E;
			productRefGroup = 75302AE029ABAEA900E0623E /* Products */;
			projectDirPath = "";
			projectRoot = "";
			targets = (
				75302ADE29ABAEA900E0623E /* EssentialApp */,
				75302AF429ABAEAA00E0623E /* EssentialAppTests */,
				7561D47529B3CD4100D2C78A /* EssentialAppUIAcceptanceTests */,
			);
		};
/* End PBXProject section */

/* Begin PBXResourcesBuildPhase section */
		75302ADD29ABAEA900E0623E /* Resources */ = {
			isa = PBXResourcesBuildPhase;
			buildActionMask = 2147483647;
			files = (
				75302AEF29ABAEAA00E0623E /* LaunchScreen.storyboard in Resources */,
				75302AEC29ABAEAA00E0623E /* Assets.xcassets in Resources */,
				75302AEA29ABAEA900E0623E /* Main.storyboard in Resources */,
			);
			runOnlyForDeploymentPostprocessing = 0;
		};
		75302AF329ABAEAA00E0623E /* Resources */ = {
			isa = PBXResourcesBuildPhase;
			buildActionMask = 2147483647;
			files = (
			);
			runOnlyForDeploymentPostprocessing = 0;
		};
		7561D47429B3CD4100D2C78A /* Resources */ = {
			isa = PBXResourcesBuildPhase;
			buildActionMask = 2147483647;
			files = (
			);
			runOnlyForDeploymentPostprocessing = 0;
		};
/* End PBXResourcesBuildPhase section */

/* Begin PBXSourcesBuildPhase section */
		75302ADB29ABAEA900E0623E /* Sources */ = {
			isa = PBXSourcesBuildPhase;
			buildActionMask = 2147483647;
			files = (
				7561D47129B3AFEC00D2C78A /* FeedImageDataCacheDecorator.swift in Sources */,
				7561D4A329B7A63000D2C78A /* FeedImageDataLoaderPresentationAdapter.swift in Sources */,
				7561D49F29B7A62700D2C78A /* MainQueueDispatchDecorator.swift in Sources */,
				7561D4A029B7A62900D2C78A /* WeakRefVirtualProxy.swift in Sources */,
				7561D49E29B7A62400D2C78A /* FeedUIComposer.swift in Sources */,
				75302AE329ABAEA900E0623E /* AppDelegate.swift in Sources */,
				7561D4A129B7A62C00D2C78A /* FeedViewAdapter.swift in Sources */,
				7561D4A229B7A62E00D2C78A /* FeedLoaderPresentationAdapter.swift in Sources */,
				75302B1D29ABC41900E0623E /* FeedLoaderWithFallbackComposite.swift in Sources */,
				7561D48229B3E61600D2C78A /* DebuggingSceneDelegate.swift in Sources */,
				7561D46729B3688D00D2C78A /* FeedLoaderCacheDecorator.swift in Sources */,
				75302AE529ABAEA900E0623E /* SceneDelegate.swift in Sources */,
				7561D45829AE5A8D00D2C78A /* FeedImageDataLoaderWithFallbackComposite.swift in Sources */,
			);
			runOnlyForDeploymentPostprocessing = 0;
		};
		75302AF129ABAEAA00E0623E /* Sources */ = {
			isa = PBXSourcesBuildPhase;
			buildActionMask = 2147483647;
			files = (
				7561D49D29B7A5E700D2C78A /* FeedUIIntegrationTests+LoaderSpy.swift in Sources */,
				7561D45D29AE5B6400D2C78A /* SharedTestHelpers.swift in Sources */,
				7561D49529B7A5E700D2C78A /* FeedUIIntegrationTests+Assertions.swift in Sources */,
				7561D46329AE65A800D2C78A /* XCTestCase+FeedLoader.swift in Sources */,
				7561D4A729B7D95000D2C78A /* FeedAcceptenceTests.swift in Sources */,
				7561D49929B7A5E700D2C78A /* UIControl+TestHelpers.swift in Sources */,
				75302B1F29ABC4A300E0623E /* FeedImageDataLoaderWithFallbackCompositeTests.swift in Sources */,
				7561D46D29B3A93B00D2C78A /* XCTestCase+FeedImageDataLoader.swift in Sources */,
				7561D48429B7A0DA00D2C78A /* SceneDelegateTests.swift in Sources */,
				7561D45B29AE5B1E00D2C78A /* XCTestCase+MemoryLeak.swift in Sources */,
				7561D49629B7A5E700D2C78A /* FeedViewController+TestHelpers.swift in Sources */,
				7561D46929B36CC800D2C78A /* FeedImageDataCacheDecoratorTests.swift in Sources */,
				7561D46B29B3A88900D2C78A /* FeedImageDataLoaderSpy.swift in Sources */,
				7561D49B29B7A5E700D2C78A /* UIImage+TestHelpers.swift in Sources */,
				7561D45F29AE634300D2C78A /* FeedLoaderCacheDecoratorTests.swift in Sources */,
				7561D49829B7A5E700D2C78A /* UIButton+TestHelpers.swift in Sources */,
				7561D49C29B7A5E700D2C78A /* FeedUIIntegrationTests+Localization.swift in Sources */,
				7561D49A29B7A5E700D2C78A /* FeedImageCell+TestHelpers.swift in Sources */,
				7561D49729B7A5E700D2C78A /* UIRefreshControl+TestHelpers.swift in Sources */,
				7561D46129AE64CC00D2C78A /* FeedLoaderStub.swift in Sources */,
				7561D4A529B7BEB200D2C78A /* FeedUIIntegrationTests.swift in Sources */,
				75302B1B29ABB8BB00E0623E /* FeedLoaderWithFallbackCompositeTests.swift in Sources */,
			);
			runOnlyForDeploymentPostprocessing = 0;
		};
		7561D47229B3CD4100D2C78A /* Sources */ = {
			isa = PBXSourcesBuildPhase;
			buildActionMask = 2147483647;
			files = (
				7561D47929B3CD4100D2C78A /* EssentialAppUIAcceptanceTests.swift in Sources */,
			);
			runOnlyForDeploymentPostprocessing = 0;
		};
/* End PBXSourcesBuildPhase section */

/* Begin PBXTargetDependency section */
		75302AF729ABAEAA00E0623E /* PBXTargetDependency */ = {
			isa = PBXTargetDependency;
			target = 75302ADE29ABAEA900E0623E /* EssentialApp */;
			targetProxy = 75302AF629ABAEAA00E0623E /* PBXContainerItemProxy */;
		};
		7561D47D29B3CD4100D2C78A /* PBXTargetDependency */ = {
			isa = PBXTargetDependency;
			target = 75302ADE29ABAEA900E0623E /* EssentialApp */;
			targetProxy = 7561D47C29B3CD4100D2C78A /* PBXContainerItemProxy */;
		};
/* End PBXTargetDependency section */

/* Begin PBXVariantGroup section */
		75302AE829ABAEA900E0623E /* Main.storyboard */ = {
			isa = PBXVariantGroup;
			children = (
				75302AE929ABAEA900E0623E /* Base */,
			);
			name = Main.storyboard;
			sourceTree = "<group>";
		};
		75302AED29ABAEAA00E0623E /* LaunchScreen.storyboard */ = {
			isa = PBXVariantGroup;
			children = (
				75302AEE29ABAEAA00E0623E /* Base */,
			);
			name = LaunchScreen.storyboard;
			sourceTree = "<group>";
		};
/* End PBXVariantGroup section */

/* Begin XCBuildConfiguration section */
		75302B0729ABAEAA00E0623E /* Debug */ = {
			isa = XCBuildConfiguration;
			buildSettings = {
				ALWAYS_SEARCH_USER_PATHS = NO;
				CLANG_ANALYZER_NONNULL = YES;
				CLANG_ANALYZER_NUMBER_OBJECT_CONVERSION = YES_AGGRESSIVE;
				CLANG_CXX_LANGUAGE_STANDARD = "gnu++20";
				CLANG_ENABLE_MODULES = YES;
				CLANG_ENABLE_OBJC_ARC = YES;
				CLANG_ENABLE_OBJC_WEAK = YES;
				CLANG_WARN_BLOCK_CAPTURE_AUTORELEASING = YES;
				CLANG_WARN_BOOL_CONVERSION = YES;
				CLANG_WARN_COMMA = YES;
				CLANG_WARN_CONSTANT_CONVERSION = YES;
				CLANG_WARN_DEPRECATED_OBJC_IMPLEMENTATIONS = YES;
				CLANG_WARN_DIRECT_OBJC_ISA_USAGE = YES_ERROR;
				CLANG_WARN_DOCUMENTATION_COMMENTS = YES;
				CLANG_WARN_EMPTY_BODY = YES;
				CLANG_WARN_ENUM_CONVERSION = YES;
				CLANG_WARN_INFINITE_RECURSION = YES;
				CLANG_WARN_INT_CONVERSION = YES;
				CLANG_WARN_NON_LITERAL_NULL_CONVERSION = YES;
				CLANG_WARN_OBJC_IMPLICIT_RETAIN_SELF = YES;
				CLANG_WARN_OBJC_LITERAL_CONVERSION = YES;
				CLANG_WARN_OBJC_ROOT_CLASS = YES_ERROR;
				CLANG_WARN_QUOTED_INCLUDE_IN_FRAMEWORK_HEADER = YES;
				CLANG_WARN_RANGE_LOOP_ANALYSIS = YES;
				CLANG_WARN_STRICT_PROTOTYPES = YES;
				CLANG_WARN_SUSPICIOUS_MOVE = YES;
				CLANG_WARN_UNGUARDED_AVAILABILITY = YES_AGGRESSIVE;
				CLANG_WARN_UNREACHABLE_CODE = YES;
				CLANG_WARN__DUPLICATE_METHOD_MATCH = YES;
				COPY_PHASE_STRIP = NO;
				DEBUG_INFORMATION_FORMAT = dwarf;
				ENABLE_STRICT_OBJC_MSGSEND = YES;
				ENABLE_TESTABILITY = YES;
				GCC_C_LANGUAGE_STANDARD = gnu11;
				GCC_DYNAMIC_NO_PIC = NO;
				GCC_NO_COMMON_BLOCKS = YES;
				GCC_OPTIMIZATION_LEVEL = 0;
				GCC_PREPROCESSOR_DEFINITIONS = (
					"DEBUG=1",
					"$(inherited)",
				);
				GCC_WARN_64_TO_32_BIT_CONVERSION = YES;
				GCC_WARN_ABOUT_RETURN_TYPE = YES_ERROR;
				GCC_WARN_UNDECLARED_SELECTOR = YES;
				GCC_WARN_UNINITIALIZED_AUTOS = YES_AGGRESSIVE;
				GCC_WARN_UNUSED_FUNCTION = YES;
				GCC_WARN_UNUSED_VARIABLE = YES;
				IPHONEOS_DEPLOYMENT_TARGET = 16.2;
				MTL_ENABLE_DEBUG_INFO = INCLUDE_SOURCE;
				MTL_FAST_MATH = YES;
				ONLY_ACTIVE_ARCH = YES;
				SDKROOT = iphoneos;
				SWIFT_ACTIVE_COMPILATION_CONDITIONS = DEBUG;
				SWIFT_OPTIMIZATION_LEVEL = "-Onone";
			};
			name = Debug;
		};
		75302B0829ABAEAA00E0623E /* Release */ = {
			isa = XCBuildConfiguration;
			buildSettings = {
				ALWAYS_SEARCH_USER_PATHS = NO;
				CLANG_ANALYZER_NONNULL = YES;
				CLANG_ANALYZER_NUMBER_OBJECT_CONVERSION = YES_AGGRESSIVE;
				CLANG_CXX_LANGUAGE_STANDARD = "gnu++20";
				CLANG_ENABLE_MODULES = YES;
				CLANG_ENABLE_OBJC_ARC = YES;
				CLANG_ENABLE_OBJC_WEAK = YES;
				CLANG_WARN_BLOCK_CAPTURE_AUTORELEASING = YES;
				CLANG_WARN_BOOL_CONVERSION = YES;
				CLANG_WARN_COMMA = YES;
				CLANG_WARN_CONSTANT_CONVERSION = YES;
				CLANG_WARN_DEPRECATED_OBJC_IMPLEMENTATIONS = YES;
				CLANG_WARN_DIRECT_OBJC_ISA_USAGE = YES_ERROR;
				CLANG_WARN_DOCUMENTATION_COMMENTS = YES;
				CLANG_WARN_EMPTY_BODY = YES;
				CLANG_WARN_ENUM_CONVERSION = YES;
				CLANG_WARN_INFINITE_RECURSION = YES;
				CLANG_WARN_INT_CONVERSION = YES;
				CLANG_WARN_NON_LITERAL_NULL_CONVERSION = YES;
				CLANG_WARN_OBJC_IMPLICIT_RETAIN_SELF = YES;
				CLANG_WARN_OBJC_LITERAL_CONVERSION = YES;
				CLANG_WARN_OBJC_ROOT_CLASS = YES_ERROR;
				CLANG_WARN_QUOTED_INCLUDE_IN_FRAMEWORK_HEADER = YES;
				CLANG_WARN_RANGE_LOOP_ANALYSIS = YES;
				CLANG_WARN_STRICT_PROTOTYPES = YES;
				CLANG_WARN_SUSPICIOUS_MOVE = YES;
				CLANG_WARN_UNGUARDED_AVAILABILITY = YES_AGGRESSIVE;
				CLANG_WARN_UNREACHABLE_CODE = YES;
				CLANG_WARN__DUPLICATE_METHOD_MATCH = YES;
				COPY_PHASE_STRIP = NO;
				DEBUG_INFORMATION_FORMAT = "dwarf-with-dsym";
				ENABLE_NS_ASSERTIONS = NO;
				ENABLE_STRICT_OBJC_MSGSEND = YES;
				GCC_C_LANGUAGE_STANDARD = gnu11;
				GCC_NO_COMMON_BLOCKS = YES;
				GCC_WARN_64_TO_32_BIT_CONVERSION = YES;
				GCC_WARN_ABOUT_RETURN_TYPE = YES_ERROR;
				GCC_WARN_UNDECLARED_SELECTOR = YES;
				GCC_WARN_UNINITIALIZED_AUTOS = YES_AGGRESSIVE;
				GCC_WARN_UNUSED_FUNCTION = YES;
				GCC_WARN_UNUSED_VARIABLE = YES;
				IPHONEOS_DEPLOYMENT_TARGET = 16.2;
				MTL_ENABLE_DEBUG_INFO = NO;
				MTL_FAST_MATH = YES;
				SDKROOT = iphoneos;
				SWIFT_COMPILATION_MODE = wholemodule;
				SWIFT_OPTIMIZATION_LEVEL = "-O";
				VALIDATE_PRODUCT = YES;
			};
			name = Release;
		};
		75302B0A29ABAEAA00E0623E /* Debug */ = {
			isa = XCBuildConfiguration;
			buildSettings = {
				ASSETCATALOG_COMPILER_APPICON_NAME = AppIcon;
				ASSETCATALOG_COMPILER_GLOBAL_ACCENT_COLOR_NAME = AccentColor;
				CODE_SIGN_STYLE = Automatic;
				CURRENT_PROJECT_VERSION = 1;
				DEVELOPMENT_TEAM = 6G2XCUMYTS;
				GENERATE_INFOPLIST_FILE = YES;
				INFOPLIST_FILE = EssentialApp/Info.plist;
				INFOPLIST_KEY_UIApplicationSupportsIndirectInputEvents = YES;
				INFOPLIST_KEY_UILaunchStoryboardName = LaunchScreen;
				INFOPLIST_KEY_UIMainStoryboardFile = Main;
				INFOPLIST_KEY_UISupportedInterfaceOrientations = UIInterfaceOrientationPortrait;
				INFOPLIST_KEY_UISupportedInterfaceOrientations_iPad = "UIInterfaceOrientationLandscapeLeft UIInterfaceOrientationLandscapeRight UIInterfaceOrientationPortrait UIInterfaceOrientationPortraitUpsideDown";
				LD_RUNPATH_SEARCH_PATHS = (
					"$(inherited)",
					"@executable_path/Frameworks",
				);
				MARKETING_VERSION = 1.0;
				PRODUCT_BUNDLE_IDENTIFIER = com.cengizhanozcan.EssentialApp;
				PRODUCT_NAME = "$(TARGET_NAME)";
				SWIFT_EMIT_LOC_STRINGS = YES;
				SWIFT_VERSION = 5.0;
				TARGETED_DEVICE_FAMILY = "1,2";
			};
			name = Debug;
		};
		75302B0B29ABAEAA00E0623E /* Release */ = {
			isa = XCBuildConfiguration;
			buildSettings = {
				ASSETCATALOG_COMPILER_APPICON_NAME = AppIcon;
				ASSETCATALOG_COMPILER_GLOBAL_ACCENT_COLOR_NAME = AccentColor;
				CODE_SIGN_STYLE = Automatic;
				CURRENT_PROJECT_VERSION = 1;
				DEVELOPMENT_TEAM = 6G2XCUMYTS;
				GENERATE_INFOPLIST_FILE = YES;
				INFOPLIST_FILE = EssentialApp/Info.plist;
				INFOPLIST_KEY_UIApplicationSupportsIndirectInputEvents = YES;
				INFOPLIST_KEY_UILaunchStoryboardName = LaunchScreen;
				INFOPLIST_KEY_UIMainStoryboardFile = Main;
				INFOPLIST_KEY_UISupportedInterfaceOrientations = UIInterfaceOrientationPortrait;
				INFOPLIST_KEY_UISupportedInterfaceOrientations_iPad = "UIInterfaceOrientationLandscapeLeft UIInterfaceOrientationLandscapeRight UIInterfaceOrientationPortrait UIInterfaceOrientationPortraitUpsideDown";
				LD_RUNPATH_SEARCH_PATHS = (
					"$(inherited)",
					"@executable_path/Frameworks",
				);
				MARKETING_VERSION = 1.0;
				PRODUCT_BUNDLE_IDENTIFIER = com.cengizhanozcan.EssentialApp;
				PRODUCT_NAME = "$(TARGET_NAME)";
				SWIFT_EMIT_LOC_STRINGS = YES;
				SWIFT_VERSION = 5.0;
				TARGETED_DEVICE_FAMILY = "1,2";
			};
			name = Release;
		};
		75302B0D29ABAEAA00E0623E /* Debug */ = {
			isa = XCBuildConfiguration;
			buildSettings = {
				ALWAYS_EMBED_SWIFT_STANDARD_LIBRARIES = YES;
				BUNDLE_LOADER = "$(TEST_HOST)";
				CLANG_ENABLE_MODULES = YES;
				CODE_SIGN_STYLE = Automatic;
				CURRENT_PROJECT_VERSION = 1;
				DEVELOPMENT_TEAM = 6G2XCUMYTS;
				GENERATE_INFOPLIST_FILE = YES;
				IPHONEOS_DEPLOYMENT_TARGET = 16.2;
				LD_RUNPATH_SEARCH_PATHS = (
					"$(inherited)",
					"@executable_path/Frameworks",
					"@loader_path/Frameworks",
				);
				MARKETING_VERSION = 1.0;
				PRODUCT_BUNDLE_IDENTIFIER = com.cengizhanozcan.EssentialAppTests;
				PRODUCT_NAME = "$(TARGET_NAME)";
				SWIFT_EMIT_LOC_STRINGS = NO;
				SWIFT_OPTIMIZATION_LEVEL = "-Onone";
				SWIFT_VERSION = 5.0;
				TARGETED_DEVICE_FAMILY = "1,2";
				TEST_HOST = "$(BUILT_PRODUCTS_DIR)/EssentialApp.app/$(BUNDLE_EXECUTABLE_FOLDER_PATH)/EssentialApp";
			};
			name = Debug;
		};
		75302B0E29ABAEAA00E0623E /* Release */ = {
			isa = XCBuildConfiguration;
			buildSettings = {
				ALWAYS_EMBED_SWIFT_STANDARD_LIBRARIES = YES;
				BUNDLE_LOADER = "$(TEST_HOST)";
				CLANG_ENABLE_MODULES = YES;
				CODE_SIGN_STYLE = Automatic;
				CURRENT_PROJECT_VERSION = 1;
				DEVELOPMENT_TEAM = 6G2XCUMYTS;
				GENERATE_INFOPLIST_FILE = YES;
				IPHONEOS_DEPLOYMENT_TARGET = 16.2;
				LD_RUNPATH_SEARCH_PATHS = (
					"$(inherited)",
					"@executable_path/Frameworks",
					"@loader_path/Frameworks",
				);
				MARKETING_VERSION = 1.0;
				PRODUCT_BUNDLE_IDENTIFIER = com.cengizhanozcan.EssentialAppTests;
				PRODUCT_NAME = "$(TARGET_NAME)";
				SWIFT_EMIT_LOC_STRINGS = NO;
				SWIFT_VERSION = 5.0;
				TARGETED_DEVICE_FAMILY = "1,2";
				TEST_HOST = "$(BUILT_PRODUCTS_DIR)/EssentialApp.app/$(BUNDLE_EXECUTABLE_FOLDER_PATH)/EssentialApp";
			};
			name = Release;
		};
		7561D47F29B3CD4100D2C78A /* Debug */ = {
			isa = XCBuildConfiguration;
			buildSettings = {
				CODE_SIGN_STYLE = Automatic;
				CURRENT_PROJECT_VERSION = 1;
				DEVELOPMENT_TEAM = 6G2XCUMYTS;
				GENERATE_INFOPLIST_FILE = YES;
				MARKETING_VERSION = 1.0;
				PRODUCT_BUNDLE_IDENTIFIER = com.cengizhanozcan.EssentialAppUIAcceptanceTests;
				PRODUCT_NAME = "$(TARGET_NAME)";
				SWIFT_EMIT_LOC_STRINGS = NO;
				SWIFT_VERSION = 5.0;
				TARGETED_DEVICE_FAMILY = "1,2";
				TEST_TARGET_NAME = EssentialApp;
			};
			name = Debug;
		};
		7561D48029B3CD4100D2C78A /* Release */ = {
			isa = XCBuildConfiguration;
			buildSettings = {
				CODE_SIGN_STYLE = Automatic;
				CURRENT_PROJECT_VERSION = 1;
				DEVELOPMENT_TEAM = 6G2XCUMYTS;
				GENERATE_INFOPLIST_FILE = YES;
				MARKETING_VERSION = 1.0;
				PRODUCT_BUNDLE_IDENTIFIER = com.cengizhanozcan.EssentialAppUIAcceptanceTests;
				PRODUCT_NAME = "$(TARGET_NAME)";
				SWIFT_EMIT_LOC_STRINGS = NO;
				SWIFT_VERSION = 5.0;
				TARGETED_DEVICE_FAMILY = "1,2";
				TEST_TARGET_NAME = EssentialApp;
			};
			name = Release;
		};
/* End XCBuildConfiguration section */

/* Begin XCConfigurationList section */
		75302ADA29ABAEA900E0623E /* Build configuration list for PBXProject "EssentialApp" */ = {
			isa = XCConfigurationList;
			buildConfigurations = (
				75302B0729ABAEAA00E0623E /* Debug */,
				75302B0829ABAEAA00E0623E /* Release */,
			);
			defaultConfigurationIsVisible = 0;
			defaultConfigurationName = Release;
		};
		75302B0929ABAEAA00E0623E /* Build configuration list for PBXNativeTarget "EssentialApp" */ = {
			isa = XCConfigurationList;
			buildConfigurations = (
				75302B0A29ABAEAA00E0623E /* Debug */,
				75302B0B29ABAEAA00E0623E /* Release */,
			);
			defaultConfigurationIsVisible = 0;
			defaultConfigurationName = Release;
		};
		75302B0C29ABAEAA00E0623E /* Build configuration list for PBXNativeTarget "EssentialAppTests" */ = {
			isa = XCConfigurationList;
			buildConfigurations = (
				75302B0D29ABAEAA00E0623E /* Debug */,
				75302B0E29ABAEAA00E0623E /* Release */,
			);
			defaultConfigurationIsVisible = 0;
			defaultConfigurationName = Release;
		};
		7561D47E29B3CD4100D2C78A /* Build configuration list for PBXNativeTarget "EssentialAppUIAcceptanceTests" */ = {
			isa = XCConfigurationList;
			buildConfigurations = (
				7561D47F29B3CD4100D2C78A /* Debug */,
				7561D48029B3CD4100D2C78A /* Release */,
			);
			defaultConfigurationIsVisible = 0;
			defaultConfigurationName = Release;
		};
/* End XCConfigurationList section */
	};
	rootObject = 75302AD729ABAEA900E0623E /* Project object */;
}
